// !$*UTF8*$!
{
	archiveVersion = 1;
	classes = {
	};
	objectVersion = 51;
	objects = {

/* Begin PBXBuildFile section */
		AC11BCAB26D5B54400637C32 /* PurchaseVCTableViewCell.swift in Sources */ = {isa = PBXBuildFile; fileRef = AC11BCA926D5B54400637C32 /* PurchaseVCTableViewCell.swift */; };
		AC11BCAC26D5B54400637C32 /* PurchaseVCTableViewCell.xib in Resources */ = {isa = PBXBuildFile; fileRef = AC11BCAA26D5B54400637C32 /* PurchaseVCTableViewCell.xib */; };
		AC646E4126D0E3A400CFD01A /* CellController.swift in Sources */ = {isa = PBXBuildFile; fileRef = AC646E4026D0E3A400CFD01A /* CellController.swift */; };
		AC646E4326D0E3DE00CFD01A /* ReusableCellHolder.swift in Sources */ = {isa = PBXBuildFile; fileRef = AC646E4226D0E3DE00CFD01A /* ReusableCellHolder.swift */; };
		AC646E4526D0E5B900CFD01A /* GenericCellController.swift in Sources */ = {isa = PBXBuildFile; fileRef = AC646E4426D0E5B900CFD01A /* GenericCellController.swift */; };
		AC646E4A26D0F58900CFD01A /* GoodsCell.swift in Sources */ = {isa = PBXBuildFile; fileRef = AC646E4826D0F58900CFD01A /* GoodsCell.swift */; };
		AC646E4B26D0F58900CFD01A /* GoodsCell.xib in Resources */ = {isa = PBXBuildFile; fileRef = AC646E4926D0F58900CFD01A /* GoodsCell.xib */; };
		AC6AD4BE26CE7732005538FC /* MenuCell.swift in Sources */ = {isa = PBXBuildFile; fileRef = AC6AD4BD26CE7732005538FC /* MenuCell.swift */; };
		AC6AD4C026CE7C2D005538FC /* MenuCell.xib in Resources */ = {isa = PBXBuildFile; fileRef = AC6AD4BF26CE7C2D005538FC /* MenuCell.xib */; };
		AC6AD4C226CE88F5005538FC /* FocusView.xib in Resources */ = {isa = PBXBuildFile; fileRef = AC6AD4C126CE88F5005538FC /* FocusView.xib */; };
		AC6AD4C426CE907C005538FC /* FirstVC.swift in Sources */ = {isa = PBXBuildFile; fileRef = AC6AD4C326CE907C005538FC /* FirstVC.swift */; };
		AC6AD4C626CE90BC005538FC /* SecondVC.swift in Sources */ = {isa = PBXBuildFile; fileRef = AC6AD4C526CE90BC005538FC /* SecondVC.swift */; };
		AC6AD4C826CE90DE005538FC /* ThirdVC.swift in Sources */ = {isa = PBXBuildFile; fileRef = AC6AD4C726CE90DE005538FC /* ThirdVC.swift */; };
		AC6AD4DE26CF9911005538FC /* BannerCell.swift in Sources */ = {isa = PBXBuildFile; fileRef = AC6AD4DC26CF9911005538FC /* BannerCell.swift */; };
		AC6AD4DF26CF9911005538FC /* BannerCell.xib in Resources */ = {isa = PBXBuildFile; fileRef = AC6AD4DD26CF9911005538FC /* BannerCell.xib */; };
		AC6AD50C26CFEC98005538FC /* FirstVCTableBannerCell.swift in Sources */ = {isa = PBXBuildFile; fileRef = AC6AD50A26CFEC98005538FC /* FirstVCTableBannerCell.swift */; };
		AC6AD50D26CFEC98005538FC /* FirstVCTableBannerCell.xib in Resources */ = {isa = PBXBuildFile; fileRef = AC6AD50B26CFEC98005538FC /* FirstVCTableBannerCell.xib */; };
		AC6AD51126CFF6F4005538FC /* CategoryScrollVeiw.swift in Sources */ = {isa = PBXBuildFile; fileRef = AC6AD51026CFF6F4005538FC /* CategoryScrollVeiw.swift */; };
		AC6AD51526CFF952005538FC /* FirstVCTableCategoryCell.swift in Sources */ = {isa = PBXBuildFile; fileRef = AC6AD51326CFF952005538FC /* FirstVCTableCategoryCell.swift */; };
		AC6AD51626CFF952005538FC /* FirstVCTableCategoryCell.xib in Resources */ = {isa = PBXBuildFile; fileRef = AC6AD51426CFF952005538FC /* FirstVCTableCategoryCell.xib */; };
		AC6AD51826D00AEE005538FC /* MyCellControllerFactory.swift in Sources */ = {isa = PBXBuildFile; fileRef = AC6AD51726D00AED005538FC /* MyCellControllerFactory.swift */; };
		AC6AD51A26D01217005538FC /* BannerTableCellController.swift in Sources */ = {isa = PBXBuildFile; fileRef = AC6AD51926D01217005538FC /* BannerTableCellController.swift */; };
		AC6AD51C26D01280005538FC /* CategoryTableCellController.swift in Sources */ = {isa = PBXBuildFile; fileRef = AC6AD51B26D01280005538FC /* CategoryTableCellController.swift */; };
		AC6AD52026D013F4005538FC /* FirstVCTableGoodsCell.swift in Sources */ = {isa = PBXBuildFile; fileRef = AC6AD51E26D013F4005538FC /* FirstVCTableGoodsCell.swift */; };
		AC6AD52126D013F4005538FC /* FirstVCTableGoodsCell.xib in Resources */ = {isa = PBXBuildFile; fileRef = AC6AD51F26D013F4005538FC /* FirstVCTableGoodsCell.xib */; };
		AC6AD52326D0144C005538FC /* GoodsTableCellController.swift in Sources */ = {isa = PBXBuildFile; fileRef = AC6AD52226D0144C005538FC /* GoodsTableCellController.swift */; };
		AC6AD52626D03B2F005538FC /* BaseScrollView.swift in Sources */ = {isa = PBXBuildFile; fileRef = AC6AD52526D03B2F005538FC /* BaseScrollView.swift */; };
		AC6AD52826D03B4C005538FC /* HorizontalScrollView.swift in Sources */ = {isa = PBXBuildFile; fileRef = AC6AD52726D03B4B005538FC /* HorizontalScrollView.swift */; };
		AC6AD52A26D03B8F005538FC /* SomeDataModel.swift in Sources */ = {isa = PBXBuildFile; fileRef = AC6AD52926D03B8F005538FC /* SomeDataModel.swift */; };
		AC6AD52E26D03DE2005538FC /* CategoryCell.swift in Sources */ = {isa = PBXBuildFile; fileRef = AC6AD52C26D03DE2005538FC /* CategoryCell.swift */; };
		AC6AD52F26D03DE2005538FC /* CategoryCell.xib in Resources */ = {isa = PBXBuildFile; fileRef = AC6AD52D26D03DE2005538FC /* CategoryCell.xib */; };
		AC6AD53226D048BB005538FC /* DataModels.swift in Sources */ = {isa = PBXBuildFile; fileRef = AC6AD53126D048BB005538FC /* DataModels.swift */; };
		ACC5974926C9463F00E2630B /* AppDelegate.swift in Sources */ = {isa = PBXBuildFile; fileRef = ACC5974826C9463F00E2630B /* AppDelegate.swift */; };
		ACC5974B26C9463F00E2630B /* SceneDelegate.swift in Sources */ = {isa = PBXBuildFile; fileRef = ACC5974A26C9463F00E2630B /* SceneDelegate.swift */; };
		ACC5975226C9464600E2630B /* Assets.xcassets in Resources */ = {isa = PBXBuildFile; fileRef = ACC5975126C9464600E2630B /* Assets.xcassets */; };
		ACC5975526C9464600E2630B /* LaunchScreen.storyboard in Resources */ = {isa = PBXBuildFile; fileRef = ACC5975326C9464600E2630B /* LaunchScreen.storyboard */; };
		ACC597CA26C94C2900E2630B /* Constant.swift in Sources */ = {isa = PBXBuildFile; fileRef = ACC597B526C94C2800E2630B /* Constant.swift */; };
		ACC597CB26C94C2900E2630B /* IndicatorView.swift in Sources */ = {isa = PBXBuildFile; fileRef = ACC597B726C94C2800E2630B /* IndicatorView.swift */; };
		ACC597CC26C94C2900E2630B /* Device.swift in Sources */ = {isa = PBXBuildFile; fileRef = ACC597B826C94C2800E2630B /* Device.swift */; };
		ACC597CD26C94C2900E2630B /* Date.swift in Sources */ = {isa = PBXBuildFile; fileRef = ACC597BA26C94C2800E2630B /* Date.swift */; };
		ACC597CE26C94C2900E2630B /* String.swift in Sources */ = {isa = PBXBuildFile; fileRef = ACC597BB26C94C2800E2630B /* String.swift */; };
		ACC597CF26C94C2900E2630B /* UIButton.swift in Sources */ = {isa = PBXBuildFile; fileRef = ACC597BC26C94C2800E2630B /* UIButton.swift */; };
		ACC597D026C94C2900E2630B /* UIViewController.swift in Sources */ = {isa = PBXBuildFile; fileRef = ACC597BD26C94C2800E2630B /* UIViewController.swift */; };
		ACC597D126C94C2900E2630B /* UINavigationBar.swift in Sources */ = {isa = PBXBuildFile; fileRef = ACC597BE26C94C2800E2630B /* UINavigationBar.swift */; };
		ACC597D226C94C2900E2630B /* UIFont.swift in Sources */ = {isa = PBXBuildFile; fileRef = ACC597BF26C94C2800E2630B /* UIFont.swift */; };
		ACC597D326C94C2900E2630B /* Color.swift in Sources */ = {isa = PBXBuildFile; fileRef = ACC597C026C94C2800E2630B /* Color.swift */; };
		ACC597D426C94C2900E2630B /* KobisKey.swift in Sources */ = {isa = PBXBuildFile; fileRef = ACC597C226C94C2900E2630B /* KobisKey.swift */; };
		ACC597D526C94C2900E2630B /* NotoSansCJKkr-Medium.otf in Resources */ = {isa = PBXBuildFile; fileRef = ACC597C426C94C2900E2630B /* NotoSansCJKkr-Medium.otf */; };
		ACC597D626C94C2900E2630B /* NotoSansCJKkr-Regular.otf in Resources */ = {isa = PBXBuildFile; fileRef = ACC597C526C94C2900E2630B /* NotoSansCJKkr-Regular.otf */; };
		ACC597D726C94C2900E2630B /* NotoSansCJKkr-Bold.otf in Resources */ = {isa = PBXBuildFile; fileRef = ACC597C626C94C2900E2630B /* NotoSansCJKkr-Bold.otf */; };
		ACC597D826C94C2900E2630B /* BaseViewController.swift in Sources */ = {isa = PBXBuildFile; fileRef = ACC597C826C94C2900E2630B /* BaseViewController.swift */; };
		ACC597F826C94C5800E2630B /* LoginStoryboard.storyboard in Resources */ = {isa = PBXBuildFile; fileRef = ACC597DB26C94C5700E2630B /* LoginStoryboard.storyboard */; };
		ACC597F926C94C5800E2630B /* LoginViewController.swift in Sources */ = {isa = PBXBuildFile; fileRef = ACC597DC26C94C5700E2630B /* LoginViewController.swift */; };
		ACC597FA26C94C5800E2630B /* SearchStoryboard.storyboard in Resources */ = {isa = PBXBuildFile; fileRef = ACC597DE26C94C5700E2630B /* SearchStoryboard.storyboard */; };
		ACC597FB26C94C5800E2630B /* SignInDataManager.swift in Sources */ = {isa = PBXBuildFile; fileRef = ACC597E026C94C5700E2630B /* SignInDataManager.swift */; };
		ACC597FC26C94C5800E2630B /* SignInResponse.swift in Sources */ = {isa = PBXBuildFile; fileRef = ACC597E226C94C5700E2630B /* SignInResponse.swift */; };
		ACC597FD26C94C5800E2630B /* SignInRequest.swift in Sources */ = {isa = PBXBuildFile; fileRef = ACC597E326C94C5700E2630B /* SignInRequest.swift */; };
		ACC597FE26C94C5800E2630B /* SignInViewController.swift in Sources */ = {isa = PBXBuildFile; fileRef = ACC597E426C94C5700E2630B /* SignInViewController.swift */; };
		ACC597FF26C94C5800E2630B /* MovieViewController.swift in Sources */ = {isa = PBXBuildFile; fileRef = ACC597E726C94C5700E2630B /* MovieViewController.swift */; };
		ACC5980026C94C5800E2630B /* BoxOfficeViewController.swift in Sources */ = {isa = PBXBuildFile; fileRef = ACC597E826C94C5700E2630B /* BoxOfficeViewController.swift */; };
		ACC5980126C94C5800E2630B /* BoxOfficeResponse.swift in Sources */ = {isa = PBXBuildFile; fileRef = ACC597EA26C94C5700E2630B /* BoxOfficeResponse.swift */; };
		ACC5980226C94C5800E2630B /* BoxOfficeDataManager.swift in Sources */ = {isa = PBXBuildFile; fileRef = ACC597EB26C94C5700E2630B /* BoxOfficeDataManager.swift */; };
		ACC5980426C94C5800E2630B /* TransitionNextViewController.swift in Sources */ = {isa = PBXBuildFile; fileRef = ACC597F126C94C5800E2630B /* TransitionNextViewController.swift */; };
		ACC5980526C94C5800E2630B /* TransitionViewController.swift in Sources */ = {isa = PBXBuildFile; fileRef = ACC597F226C94C5800E2630B /* TransitionViewController.swift */; };
		ACC5980626C94C5800E2630B /* MainPageViewController.swift in Sources */ = {isa = PBXBuildFile; fileRef = ACC597F326C94C5800E2630B /* MainPageViewController.swift */; };
		ACC5980726C94C5800E2630B /* AlertViewController.swift in Sources */ = {isa = PBXBuildFile; fileRef = ACC597F526C94C5800E2630B /* AlertViewController.swift */; };
		ACC5980826C94C5800E2630B /* MainPageStoryboard.storyboard in Resources */ = {isa = PBXBuildFile; fileRef = ACC597F626C94C5800E2630B /* MainPageStoryboard.storyboard */; };
		ACC5980926C94C5800E2630B /* LoginedMainStoryboard.storyboard in Resources */ = {isa = PBXBuildFile; fileRef = ACC597F726C94C5800E2630B /* LoginedMainStoryboard.storyboard */; };
		ACC6AA3526CA39F60048D22C /* UIView.swift in Sources */ = {isa = PBXBuildFile; fileRef = ACC6AA3426CA39F60048D22C /* UIView.swift */; };
		ACC6AA3826CA778F0048D22C /* MypageStoryboard.storyboard in Resources */ = {isa = PBXBuildFile; fileRef = ACC6AA3726CA778F0048D22C /* MypageStoryboard.storyboard */; };
		ACC6AA3A26CA77AD0048D22C /* MypageViewController.swift in Sources */ = {isa = PBXBuildFile; fileRef = ACC6AA3926CA77AD0048D22C /* MypageViewController.swift */; };
		ACC6AA3D26CA80A50048D22C /* LoginedMypageStoryboard.storyboard in Resources */ = {isa = PBXBuildFile; fileRef = ACC6AA3C26CA80A50048D22C /* LoginedMypageStoryboard.storyboard */; };
		ACC6AA3F26CA80BC0048D22C /* LoginedMypageViewController.swift in Sources */ = {isa = PBXBuildFile; fileRef = ACC6AA3E26CA80BC0048D22C /* LoginedMypageViewController.swift */; };
		ACC6AA4126CA903E0048D22C /* MainStoryboard.storyboard in Resources */ = {isa = PBXBuildFile; fileRef = ACC6AA4026CA903E0048D22C /* MainStoryboard.storyboard */; };
		ACC6AA4326CA948F0048D22C /* LoginedMypageDetailViewController.swift in Sources */ = {isa = PBXBuildFile; fileRef = ACC6AA4226CA948F0048D22C /* LoginedMypageDetailViewController.swift */; };
		ACC6AA4726CAD72A0048D22C /* EmailSignUpViewController.swift in Sources */ = {isa = PBXBuildFile; fileRef = ACC6AA4626CAD72A0048D22C /* EmailSignUpViewController.swift */; };
		ACC6AA4926CAD7450048D22C /* EmailLoginViewController.swift in Sources */ = {isa = PBXBuildFile; fileRef = ACC6AA4826CAD7450048D22C /* EmailLoginViewController.swift */; };
		ACC6AA4F26CB45E80048D22C /* EmailSignUpResponse.swift in Sources */ = {isa = PBXBuildFile; fileRef = ACC6AA4E26CB45E80048D22C /* EmailSignUpResponse.swift */; };
		ACC6AA5126CB46020048D22C /* EmailSignUpRequest.swift in Sources */ = {isa = PBXBuildFile; fileRef = ACC6AA5026CB46010048D22C /* EmailSignUpRequest.swift */; };
		ACC6AA5326CB46660048D22C /* EmailSignUpDataManager.swift in Sources */ = {isa = PBXBuildFile; fileRef = ACC6AA5226CB46660048D22C /* EmailSignUpDataManager.swift */; };
		ACC6AA5526CB46830048D22C /* EmailLoginDataManager.swift in Sources */ = {isa = PBXBuildFile; fileRef = ACC6AA5426CB46830048D22C /* EmailLoginDataManager.swift */; };
		ACC6AA5726CB46990048D22C /* EmailLoginResponse.swift in Sources */ = {isa = PBXBuildFile; fileRef = ACC6AA5626CB46990048D22C /* EmailLoginResponse.swift */; };
		ACC6AA5926CB46AA0048D22C /* EmailLoginRequest.swift in Sources */ = {isa = PBXBuildFile; fileRef = ACC6AA5826CB46AA0048D22C /* EmailLoginRequest.swift */; };
		ACCDFBFC26D472E80066DA44 /* LoginedMypageDataManager.swift in Sources */ = {isa = PBXBuildFile; fileRef = ACCDFBFB26D472E80066DA44 /* LoginedMypageDataManager.swift */; };
		ACCDFBFE26D4732D0066DA44 /* UsersInfoRequest.swift in Sources */ = {isa = PBXBuildFile; fileRef = ACCDFBFD26D4732D0066DA44 /* UsersInfoRequest.swift */; };
		ACCDFC0026D473420066DA44 /* UserrsInfoResponse.swift in Sources */ = {isa = PBXBuildFile; fileRef = ACCDFBFF26D473420066DA44 /* UserrsInfoResponse.swift */; };
		ACCDFC0726D481DE0066DA44 /* PurchaseVC.swift in Sources */ = {isa = PBXBuildFile; fileRef = ACCDFC0626D481DE0066DA44 /* PurchaseVC.swift */; };
		ACCDFC0926D484180066DA44 /* PurchaseOptionVC.swift in Sources */ = {isa = PBXBuildFile; fileRef = ACCDFC0826D484180066DA44 /* PurchaseOptionVC.swift */; };
		ACCDFC0D26D4995A0066DA44 /* PurchaseOptionTableViewCell.swift in Sources */ = {isa = PBXBuildFile; fileRef = ACCDFC0B26D4995A0066DA44 /* PurchaseOptionTableViewCell.swift */; };
		ACCDFC0E26D4995A0066DA44 /* PurchaseOptionTableViewCell.xib in Resources */ = {isa = PBXBuildFile; fileRef = ACCDFC0C26D4995A0066DA44 /* PurchaseOptionTableViewCell.xib */; };
		ACCDFC1426D4E05B0066DA44 /* ShoppingList.swift in Sources */ = {isa = PBXBuildFile; fileRef = ACCDFC1326D4E05A0066DA44 /* ShoppingList.swift */; };
		ACCDFC1726D4E1880066DA44 /* ShoppingListViewModel.swift in Sources */ = {isa = PBXBuildFile; fileRef = ACCDFC1626D4E1880066DA44 /* ShoppingListViewModel.swift */; };
		ACCDFC2526D56C0A0066DA44 /* InsideTableViewCell.swift in Sources */ = {isa = PBXBuildFile; fileRef = ACCDFC2326D56C0A0066DA44 /* InsideTableViewCell.swift */; };
		ACCDFC2626D56C0A0066DA44 /* InsideTableViewCell.xib in Resources */ = {isa = PBXBuildFile; fileRef = ACCDFC2426D56C0A0066DA44 /* InsideTableViewCell.xib */; };
		ACCE616526D124B5007DF748 /* GoodsPageCollectionViewCell.swift in Sources */ = {isa = PBXBuildFile; fileRef = ACCE616426D124B5007DF748 /* GoodsPageCollectionViewCell.swift */; };
		ACCE616D26D12BA6007DF748 /* GoodsPageStoryboard.storyboard in Resources */ = {isa = PBXBuildFile; fileRef = ACCE616C26D12BA6007DF748 /* GoodsPageStoryboard.storyboard */; };
		ACCE616F26D12C4F007DF748 /* FirstVCStoryboard.storyboard in Resources */ = {isa = PBXBuildFile; fileRef = ACCE616E26D12C4F007DF748 /* FirstVCStoryboard.storyboard */; };
		ACCE617726D153D9007DF748 /* GoodsPageViewController.swift in Sources */ = {isa = PBXBuildFile; fileRef = ACCE617626D153D9007DF748 /* GoodsPageViewController.swift */; };
		ACCE617926D20D61007DF748 /* SecondVCStoryboard.storyboard in Resources */ = {isa = PBXBuildFile; fileRef = ACCE617826D20D61007DF748 /* SecondVCStoryboard.storyboard */; };
		ACCE617B26D20D72007DF748 /* ThirdVCStoryboard.storyboard in Resources */ = {isa = PBXBuildFile; fileRef = ACCE617A26D20D72007DF748 /* ThirdVCStoryboard.storyboard */; };
		ACCE617F26D27EBE007DF748 /* TodayGoodsCell.swift in Sources */ = {isa = PBXBuildFile; fileRef = ACCE617D26D27EBE007DF748 /* TodayGoodsCell.swift */; };
		ACCE618026D27EBE007DF748 /* TodayGoodsCell.xib in Resources */ = {isa = PBXBuildFile; fileRef = ACCE617E26D27EBE007DF748 /* TodayGoodsCell.xib */; };
		ACCE618426D27FC9007DF748 /* TodayGoodsTableViewCell.swift in Sources */ = {isa = PBXBuildFile; fileRef = ACCE618226D27FC9007DF748 /* TodayGoodsTableViewCell.swift */; };
		ACCE618526D27FC9007DF748 /* TodayGoodsTableViewCell.xib in Resources */ = {isa = PBXBuildFile; fileRef = ACCE618326D27FC9007DF748 /* TodayGoodsTableViewCell.xib */; };
		ACCE618C26D29A70007DF748 /* NewGoodsTableViewCell.swift in Sources */ = {isa = PBXBuildFile; fileRef = ACCE618A26D29A70007DF748 /* NewGoodsTableViewCell.swift */; };
		ACCE618D26D29A70007DF748 /* NewGoodsTableViewCell.xib in Resources */ = {isa = PBXBuildFile; fileRef = ACCE618B26D29A70007DF748 /* NewGoodsTableViewCell.xib */; };
		ACCE619026D29BE2007DF748 /* NewGoodsCollectionViewCell.swift in Sources */ = {isa = PBXBuildFile; fileRef = ACCE618E26D29BE2007DF748 /* NewGoodsCollectionViewCell.swift */; };
		ACCE619126D29BE2007DF748 /* NewGoodsCollectionViewCell.xib in Resources */ = {isa = PBXBuildFile; fileRef = ACCE618F26D29BE2007DF748 /* NewGoodsCollectionViewCell.xib */; };
		ACCE619626D3351A007DF748 /* NowGoodsCollectionViewCell.swift in Sources */ = {isa = PBXBuildFile; fileRef = ACCE619426D3351A007DF748 /* NowGoodsCollectionViewCell.swift */; };
		ACCE619726D3351A007DF748 /* NowGoodsCollectionViewCell.xib in Resources */ = {isa = PBXBuildFile; fileRef = ACCE619526D3351A007DF748 /* NowGoodsCollectionViewCell.xib */; };
		ACCE619A26D33532007DF748 /* NowGoodsTableViewCell.swift in Sources */ = {isa = PBXBuildFile; fileRef = ACCE619826D33532007DF748 /* NowGoodsTableViewCell.swift */; };
		ACCE619B26D33532007DF748 /* NowGoodsTableViewCell.xib in Resources */ = {isa = PBXBuildFile; fileRef = ACCE619926D33532007DF748 /* NowGoodsTableViewCell.xib */; };
		ACCE619D26D33B19007DF748 /* SearchVC.swift in Sources */ = {isa = PBXBuildFile; fileRef = ACCE619C26D33B19007DF748 /* SearchVC.swift */; };
		ACCE61A226D33B8B007DF748 /* TableViewCell.swift in Sources */ = {isa = PBXBuildFile; fileRef = ACCE61A026D33B8B007DF748 /* TableViewCell.swift */; };
		ACCE61A326D33B8B007DF748 /* TableViewCell.xib in Resources */ = {isa = PBXBuildFile; fileRef = ACCE61A126D33B8B007DF748 /* TableViewCell.xib */; };
		ACCE61A626D33B9A007DF748 /* CollectionViewCell.swift in Sources */ = {isa = PBXBuildFile; fileRef = ACCE61A426D33B9A007DF748 /* CollectionViewCell.swift */; };
		ACCE61A726D33B9A007DF748 /* CollectionViewCell.xib in Resources */ = {isa = PBXBuildFile; fileRef = ACCE61A526D33B9A007DF748 /* CollectionViewCell.xib */; };
		ACCE61AC26D39843007DF748 /* GoodsPageCollectionViewCell.xib in Resources */ = {isa = PBXBuildFile; fileRef = ACCE61AA26D39842007DF748 /* GoodsPageCollectionViewCell.xib */; };
		ACCE61B026D3BD93007DF748 /* GoodsPageImgTableViewCell.swift in Sources */ = {isa = PBXBuildFile; fileRef = ACCE61AE26D3BD92007DF748 /* GoodsPageImgTableViewCell.swift */; };
		ACCE61B126D3BD93007DF748 /* GoodsPageImgTableViewCell.xib in Resources */ = {isa = PBXBuildFile; fileRef = ACCE61AF26D3BD92007DF748 /* GoodsPageImgTableViewCell.xib */; };
		ACCE61B426D4042B007DF748 /* GoodsPageMainInfoTableViewCell.swift in Sources */ = {isa = PBXBuildFile; fileRef = ACCE61B226D4042B007DF748 /* GoodsPageMainInfoTableViewCell.swift */; };
		ACCE61B526D4042B007DF748 /* GoodsPageMainInfoTableViewCell.xib in Resources */ = {isa = PBXBuildFile; fileRef = ACCE61B326D4042B007DF748 /* GoodsPageMainInfoTableViewCell.xib */; };
		ACCE61B826D42A04007DF748 /* GoodsPageDeliveryTableViewCell.swift in Sources */ = {isa = PBXBuildFile; fileRef = ACCE61B626D42A02007DF748 /* GoodsPageDeliveryTableViewCell.swift */; };
		ACCE61B926D42A05007DF748 /* GoodsPageDeliveryTableViewCell.xib in Resources */ = {isa = PBXBuildFile; fileRef = ACCE61B726D42A03007DF748 /* GoodsPageDeliveryTableViewCell.xib */; };
		ACCE61BC26D42E08007DF748 /* GoodsPageTextTableViewCell.swift in Sources */ = {isa = PBXBuildFile; fileRef = ACCE61BA26D42E08007DF748 /* GoodsPageTextTableViewCell.swift */; };
		ACCE61BD26D42E08007DF748 /* GoodsPageTextTableViewCell.xib in Resources */ = {isa = PBXBuildFile; fileRef = ACCE61BB26D42E08007DF748 /* GoodsPageTextTableViewCell.xib */; };
		C29B0B7882D76C8082548C06 /* Pods_Idus_b.framework in Frameworks */ = {isa = PBXBuildFile; fileRef = 70AB0D371C8E627B1D4D44BB /* Pods_Idus_b.framework */; };
/* End PBXBuildFile section */

/* Begin PBXFileReference section */
		6D5B05F8A193EEE8E520B79A /* Pods-Idus_b.debug.xcconfig */ = {isa = PBXFileReference; includeInIndex = 1; lastKnownFileType = text.xcconfig; name = "Pods-Idus_b.debug.xcconfig"; path = "Target Support Files/Pods-Idus_b/Pods-Idus_b.debug.xcconfig"; sourceTree = "<group>"; };
		70AB0D371C8E627B1D4D44BB /* Pods_Idus_b.framework */ = {isa = PBXFileReference; explicitFileType = wrapper.framework; includeInIndex = 0; path = Pods_Idus_b.framework; sourceTree = BUILT_PRODUCTS_DIR; };
		AC11BCA926D5B54400637C32 /* PurchaseVCTableViewCell.swift */ = {isa = PBXFileReference; lastKnownFileType = sourcecode.swift; path = PurchaseVCTableViewCell.swift; sourceTree = "<group>"; };
		AC11BCAA26D5B54400637C32 /* PurchaseVCTableViewCell.xib */ = {isa = PBXFileReference; lastKnownFileType = file.xib; path = PurchaseVCTableViewCell.xib; sourceTree = "<group>"; };
		AC646E4026D0E3A400CFD01A /* CellController.swift */ = {isa = PBXFileReference; lastKnownFileType = sourcecode.swift; path = CellController.swift; sourceTree = "<group>"; };
		AC646E4226D0E3DE00CFD01A /* ReusableCellHolder.swift */ = {isa = PBXFileReference; lastKnownFileType = sourcecode.swift; path = ReusableCellHolder.swift; sourceTree = "<group>"; };
		AC646E4426D0E5B900CFD01A /* GenericCellController.swift */ = {isa = PBXFileReference; lastKnownFileType = sourcecode.swift; path = GenericCellController.swift; sourceTree = "<group>"; };
		AC646E4826D0F58900CFD01A /* GoodsCell.swift */ = {isa = PBXFileReference; lastKnownFileType = sourcecode.swift; path = GoodsCell.swift; sourceTree = "<group>"; };
		AC646E4926D0F58900CFD01A /* GoodsCell.xib */ = {isa = PBXFileReference; lastKnownFileType = file.xib; path = GoodsCell.xib; sourceTree = "<group>"; };
		AC6AD4BD26CE7732005538FC /* MenuCell.swift */ = {isa = PBXFileReference; lastKnownFileType = sourcecode.swift; path = MenuCell.swift; sourceTree = "<group>"; };
		AC6AD4BF26CE7C2D005538FC /* MenuCell.xib */ = {isa = PBXFileReference; lastKnownFileType = file.xib; path = MenuCell.xib; sourceTree = "<group>"; };
		AC6AD4C126CE88F5005538FC /* FocusView.xib */ = {isa = PBXFileReference; lastKnownFileType = file.xib; path = FocusView.xib; sourceTree = "<group>"; };
		AC6AD4C326CE907C005538FC /* FirstVC.swift */ = {isa = PBXFileReference; lastKnownFileType = sourcecode.swift; path = FirstVC.swift; sourceTree = "<group>"; };
		AC6AD4C526CE90BC005538FC /* SecondVC.swift */ = {isa = PBXFileReference; lastKnownFileType = sourcecode.swift; path = SecondVC.swift; sourceTree = "<group>"; };
		AC6AD4C726CE90DE005538FC /* ThirdVC.swift */ = {isa = PBXFileReference; lastKnownFileType = sourcecode.swift; path = ThirdVC.swift; sourceTree = "<group>"; };
		AC6AD4DC26CF9911005538FC /* BannerCell.swift */ = {isa = PBXFileReference; lastKnownFileType = sourcecode.swift; path = BannerCell.swift; sourceTree = "<group>"; };
		AC6AD4DD26CF9911005538FC /* BannerCell.xib */ = {isa = PBXFileReference; lastKnownFileType = file.xib; path = BannerCell.xib; sourceTree = "<group>"; };
		AC6AD50A26CFEC98005538FC /* FirstVCTableBannerCell.swift */ = {isa = PBXFileReference; lastKnownFileType = sourcecode.swift; path = FirstVCTableBannerCell.swift; sourceTree = "<group>"; };
		AC6AD50B26CFEC98005538FC /* FirstVCTableBannerCell.xib */ = {isa = PBXFileReference; lastKnownFileType = file.xib; path = FirstVCTableBannerCell.xib; sourceTree = "<group>"; };
		AC6AD51026CFF6F4005538FC /* CategoryScrollVeiw.swift */ = {isa = PBXFileReference; lastKnownFileType = sourcecode.swift; path = CategoryScrollVeiw.swift; sourceTree = "<group>"; };
		AC6AD51326CFF952005538FC /* FirstVCTableCategoryCell.swift */ = {isa = PBXFileReference; lastKnownFileType = sourcecode.swift; path = FirstVCTableCategoryCell.swift; sourceTree = "<group>"; };
		AC6AD51426CFF952005538FC /* FirstVCTableCategoryCell.xib */ = {isa = PBXFileReference; lastKnownFileType = file.xib; path = FirstVCTableCategoryCell.xib; sourceTree = "<group>"; };
		AC6AD51726D00AED005538FC /* MyCellControllerFactory.swift */ = {isa = PBXFileReference; lastKnownFileType = sourcecode.swift; path = MyCellControllerFactory.swift; sourceTree = "<group>"; };
		AC6AD51926D01217005538FC /* BannerTableCellController.swift */ = {isa = PBXFileReference; lastKnownFileType = sourcecode.swift; path = BannerTableCellController.swift; sourceTree = "<group>"; };
		AC6AD51B26D01280005538FC /* CategoryTableCellController.swift */ = {isa = PBXFileReference; lastKnownFileType = sourcecode.swift; path = CategoryTableCellController.swift; sourceTree = "<group>"; };
		AC6AD51E26D013F4005538FC /* FirstVCTableGoodsCell.swift */ = {isa = PBXFileReference; lastKnownFileType = sourcecode.swift; path = FirstVCTableGoodsCell.swift; sourceTree = "<group>"; };
		AC6AD51F26D013F4005538FC /* FirstVCTableGoodsCell.xib */ = {isa = PBXFileReference; lastKnownFileType = file.xib; path = FirstVCTableGoodsCell.xib; sourceTree = "<group>"; };
		AC6AD52226D0144C005538FC /* GoodsTableCellController.swift */ = {isa = PBXFileReference; lastKnownFileType = sourcecode.swift; path = GoodsTableCellController.swift; sourceTree = "<group>"; };
		AC6AD52526D03B2F005538FC /* BaseScrollView.swift */ = {isa = PBXFileReference; lastKnownFileType = sourcecode.swift; path = BaseScrollView.swift; sourceTree = "<group>"; };
		AC6AD52726D03B4B005538FC /* HorizontalScrollView.swift */ = {isa = PBXFileReference; lastKnownFileType = sourcecode.swift; path = HorizontalScrollView.swift; sourceTree = "<group>"; };
		AC6AD52926D03B8F005538FC /* SomeDataModel.swift */ = {isa = PBXFileReference; lastKnownFileType = sourcecode.swift; path = SomeDataModel.swift; sourceTree = "<group>"; };
		AC6AD52C26D03DE2005538FC /* CategoryCell.swift */ = {isa = PBXFileReference; lastKnownFileType = sourcecode.swift; path = CategoryCell.swift; sourceTree = "<group>"; };
		AC6AD52D26D03DE2005538FC /* CategoryCell.xib */ = {isa = PBXFileReference; lastKnownFileType = file.xib; path = CategoryCell.xib; sourceTree = "<group>"; };
		AC6AD53126D048BB005538FC /* DataModels.swift */ = {isa = PBXFileReference; lastKnownFileType = sourcecode.swift; path = DataModels.swift; sourceTree = "<group>"; };
		ACC5974526C9463F00E2630B /* Idus_b.app */ = {isa = PBXFileReference; explicitFileType = wrapper.application; includeInIndex = 0; path = Idus_b.app; sourceTree = BUILT_PRODUCTS_DIR; };
		ACC5974826C9463F00E2630B /* AppDelegate.swift */ = {isa = PBXFileReference; lastKnownFileType = sourcecode.swift; path = AppDelegate.swift; sourceTree = "<group>"; };
		ACC5974A26C9463F00E2630B /* SceneDelegate.swift */ = {isa = PBXFileReference; lastKnownFileType = sourcecode.swift; path = SceneDelegate.swift; sourceTree = "<group>"; };
		ACC5975126C9464600E2630B /* Assets.xcassets */ = {isa = PBXFileReference; lastKnownFileType = folder.assetcatalog; path = Assets.xcassets; sourceTree = "<group>"; };
		ACC5975426C9464600E2630B /* Base */ = {isa = PBXFileReference; lastKnownFileType = file.storyboard; name = Base; path = Base.lproj/LaunchScreen.storyboard; sourceTree = "<group>"; };
		ACC5975626C9464600E2630B /* Info.plist */ = {isa = PBXFileReference; lastKnownFileType = text.plist.xml; path = Info.plist; sourceTree = "<group>"; };
		ACC597B526C94C2800E2630B /* Constant.swift */ = {isa = PBXFileReference; fileEncoding = 4; lastKnownFileType = sourcecode.swift; path = Constant.swift; sourceTree = "<group>"; };
		ACC597B726C94C2800E2630B /* IndicatorView.swift */ = {isa = PBXFileReference; fileEncoding = 4; lastKnownFileType = sourcecode.swift; path = IndicatorView.swift; sourceTree = "<group>"; };
		ACC597B826C94C2800E2630B /* Device.swift */ = {isa = PBXFileReference; fileEncoding = 4; lastKnownFileType = sourcecode.swift; path = Device.swift; sourceTree = "<group>"; };
		ACC597BA26C94C2800E2630B /* Date.swift */ = {isa = PBXFileReference; fileEncoding = 4; lastKnownFileType = sourcecode.swift; path = Date.swift; sourceTree = "<group>"; };
		ACC597BB26C94C2800E2630B /* String.swift */ = {isa = PBXFileReference; fileEncoding = 4; lastKnownFileType = sourcecode.swift; path = String.swift; sourceTree = "<group>"; };
		ACC597BC26C94C2800E2630B /* UIButton.swift */ = {isa = PBXFileReference; fileEncoding = 4; lastKnownFileType = sourcecode.swift; path = UIButton.swift; sourceTree = "<group>"; };
		ACC597BD26C94C2800E2630B /* UIViewController.swift */ = {isa = PBXFileReference; fileEncoding = 4; lastKnownFileType = sourcecode.swift; path = UIViewController.swift; sourceTree = "<group>"; };
		ACC597BE26C94C2800E2630B /* UINavigationBar.swift */ = {isa = PBXFileReference; fileEncoding = 4; lastKnownFileType = sourcecode.swift; path = UINavigationBar.swift; sourceTree = "<group>"; };
		ACC597BF26C94C2800E2630B /* UIFont.swift */ = {isa = PBXFileReference; fileEncoding = 4; lastKnownFileType = sourcecode.swift; path = UIFont.swift; sourceTree = "<group>"; };
		ACC597C026C94C2800E2630B /* Color.swift */ = {isa = PBXFileReference; fileEncoding = 4; lastKnownFileType = sourcecode.swift; path = Color.swift; sourceTree = "<group>"; };
		ACC597C226C94C2900E2630B /* KobisKey.swift */ = {isa = PBXFileReference; fileEncoding = 4; lastKnownFileType = sourcecode.swift; path = KobisKey.swift; sourceTree = "<group>"; };
		ACC597C426C94C2900E2630B /* NotoSansCJKkr-Medium.otf */ = {isa = PBXFileReference; lastKnownFileType = file; path = "NotoSansCJKkr-Medium.otf"; sourceTree = "<group>"; };
		ACC597C526C94C2900E2630B /* NotoSansCJKkr-Regular.otf */ = {isa = PBXFileReference; lastKnownFileType = file; path = "NotoSansCJKkr-Regular.otf"; sourceTree = "<group>"; };
		ACC597C626C94C2900E2630B /* NotoSansCJKkr-Bold.otf */ = {isa = PBXFileReference; lastKnownFileType = file; path = "NotoSansCJKkr-Bold.otf"; sourceTree = "<group>"; };
		ACC597C826C94C2900E2630B /* BaseViewController.swift */ = {isa = PBXFileReference; fileEncoding = 4; lastKnownFileType = sourcecode.swift; path = BaseViewController.swift; sourceTree = "<group>"; };
		ACC597DB26C94C5700E2630B /* LoginStoryboard.storyboard */ = {isa = PBXFileReference; fileEncoding = 4; lastKnownFileType = file.storyboard; path = LoginStoryboard.storyboard; sourceTree = "<group>"; };
		ACC597DC26C94C5700E2630B /* LoginViewController.swift */ = {isa = PBXFileReference; fileEncoding = 4; lastKnownFileType = sourcecode.swift; path = LoginViewController.swift; sourceTree = "<group>"; };
		ACC597DE26C94C5700E2630B /* SearchStoryboard.storyboard */ = {isa = PBXFileReference; fileEncoding = 4; lastKnownFileType = file.storyboard; path = SearchStoryboard.storyboard; sourceTree = "<group>"; };
		ACC597E026C94C5700E2630B /* SignInDataManager.swift */ = {isa = PBXFileReference; fileEncoding = 4; lastKnownFileType = sourcecode.swift; path = SignInDataManager.swift; sourceTree = "<group>"; };
		ACC597E226C94C5700E2630B /* SignInResponse.swift */ = {isa = PBXFileReference; fileEncoding = 4; lastKnownFileType = sourcecode.swift; path = SignInResponse.swift; sourceTree = "<group>"; };
		ACC597E326C94C5700E2630B /* SignInRequest.swift */ = {isa = PBXFileReference; fileEncoding = 4; lastKnownFileType = sourcecode.swift; path = SignInRequest.swift; sourceTree = "<group>"; };
		ACC597E426C94C5700E2630B /* SignInViewController.swift */ = {isa = PBXFileReference; fileEncoding = 4; lastKnownFileType = sourcecode.swift; path = SignInViewController.swift; sourceTree = "<group>"; };
		ACC597E726C94C5700E2630B /* MovieViewController.swift */ = {isa = PBXFileReference; fileEncoding = 4; lastKnownFileType = sourcecode.swift; path = MovieViewController.swift; sourceTree = "<group>"; };
		ACC597E826C94C5700E2630B /* BoxOfficeViewController.swift */ = {isa = PBXFileReference; fileEncoding = 4; lastKnownFileType = sourcecode.swift; path = BoxOfficeViewController.swift; sourceTree = "<group>"; };
		ACC597EA26C94C5700E2630B /* BoxOfficeResponse.swift */ = {isa = PBXFileReference; fileEncoding = 4; lastKnownFileType = sourcecode.swift; path = BoxOfficeResponse.swift; sourceTree = "<group>"; };
		ACC597EB26C94C5700E2630B /* BoxOfficeDataManager.swift */ = {isa = PBXFileReference; fileEncoding = 4; lastKnownFileType = sourcecode.swift; path = BoxOfficeDataManager.swift; sourceTree = "<group>"; };
		ACC597F126C94C5800E2630B /* TransitionNextViewController.swift */ = {isa = PBXFileReference; fileEncoding = 4; lastKnownFileType = sourcecode.swift; path = TransitionNextViewController.swift; sourceTree = "<group>"; };
		ACC597F226C94C5800E2630B /* TransitionViewController.swift */ = {isa = PBXFileReference; fileEncoding = 4; lastKnownFileType = sourcecode.swift; path = TransitionViewController.swift; sourceTree = "<group>"; };
		ACC597F326C94C5800E2630B /* MainPageViewController.swift */ = {isa = PBXFileReference; fileEncoding = 4; lastKnownFileType = sourcecode.swift; path = MainPageViewController.swift; sourceTree = "<group>"; };
		ACC597F526C94C5800E2630B /* AlertViewController.swift */ = {isa = PBXFileReference; fileEncoding = 4; lastKnownFileType = sourcecode.swift; path = AlertViewController.swift; sourceTree = "<group>"; };
		ACC597F626C94C5800E2630B /* MainPageStoryboard.storyboard */ = {isa = PBXFileReference; fileEncoding = 4; lastKnownFileType = file.storyboard; path = MainPageStoryboard.storyboard; sourceTree = "<group>"; };
		ACC597F726C94C5800E2630B /* LoginedMainStoryboard.storyboard */ = {isa = PBXFileReference; fileEncoding = 4; lastKnownFileType = file.storyboard; path = LoginedMainStoryboard.storyboard; sourceTree = "<group>"; };
		ACC6AA3426CA39F60048D22C /* UIView.swift */ = {isa = PBXFileReference; lastKnownFileType = sourcecode.swift; path = UIView.swift; sourceTree = "<group>"; };
		ACC6AA3726CA778F0048D22C /* MypageStoryboard.storyboard */ = {isa = PBXFileReference; lastKnownFileType = file.storyboard; path = MypageStoryboard.storyboard; sourceTree = "<group>"; };
		ACC6AA3926CA77AD0048D22C /* MypageViewController.swift */ = {isa = PBXFileReference; lastKnownFileType = sourcecode.swift; path = MypageViewController.swift; sourceTree = "<group>"; };
		ACC6AA3C26CA80A50048D22C /* LoginedMypageStoryboard.storyboard */ = {isa = PBXFileReference; lastKnownFileType = file.storyboard; path = LoginedMypageStoryboard.storyboard; sourceTree = "<group>"; };
		ACC6AA3E26CA80BC0048D22C /* LoginedMypageViewController.swift */ = {isa = PBXFileReference; lastKnownFileType = sourcecode.swift; path = LoginedMypageViewController.swift; sourceTree = "<group>"; };
		ACC6AA4026CA903E0048D22C /* MainStoryboard.storyboard */ = {isa = PBXFileReference; lastKnownFileType = file.storyboard; path = MainStoryboard.storyboard; sourceTree = "<group>"; };
		ACC6AA4226CA948F0048D22C /* LoginedMypageDetailViewController.swift */ = {isa = PBXFileReference; lastKnownFileType = sourcecode.swift; path = LoginedMypageDetailViewController.swift; sourceTree = "<group>"; };
		ACC6AA4626CAD72A0048D22C /* EmailSignUpViewController.swift */ = {isa = PBXFileReference; lastKnownFileType = sourcecode.swift; path = EmailSignUpViewController.swift; sourceTree = "<group>"; };
		ACC6AA4826CAD7450048D22C /* EmailLoginViewController.swift */ = {isa = PBXFileReference; lastKnownFileType = sourcecode.swift; path = EmailLoginViewController.swift; sourceTree = "<group>"; };
		ACC6AA4E26CB45E80048D22C /* EmailSignUpResponse.swift */ = {isa = PBXFileReference; lastKnownFileType = sourcecode.swift; path = EmailSignUpResponse.swift; sourceTree = "<group>"; };
		ACC6AA5026CB46010048D22C /* EmailSignUpRequest.swift */ = {isa = PBXFileReference; lastKnownFileType = sourcecode.swift; path = EmailSignUpRequest.swift; sourceTree = "<group>"; };
		ACC6AA5226CB46660048D22C /* EmailSignUpDataManager.swift */ = {isa = PBXFileReference; lastKnownFileType = sourcecode.swift; path = EmailSignUpDataManager.swift; sourceTree = "<group>"; };
		ACC6AA5426CB46830048D22C /* EmailLoginDataManager.swift */ = {isa = PBXFileReference; lastKnownFileType = sourcecode.swift; path = EmailLoginDataManager.swift; sourceTree = "<group>"; };
		ACC6AA5626CB46990048D22C /* EmailLoginResponse.swift */ = {isa = PBXFileReference; lastKnownFileType = sourcecode.swift; path = EmailLoginResponse.swift; sourceTree = "<group>"; };
		ACC6AA5826CB46AA0048D22C /* EmailLoginRequest.swift */ = {isa = PBXFileReference; lastKnownFileType = sourcecode.swift; path = EmailLoginRequest.swift; sourceTree = "<group>"; };
		ACCDFBFB26D472E80066DA44 /* LoginedMypageDataManager.swift */ = {isa = PBXFileReference; lastKnownFileType = sourcecode.swift; path = LoginedMypageDataManager.swift; sourceTree = "<group>"; };
		ACCDFBFD26D4732D0066DA44 /* UsersInfoRequest.swift */ = {isa = PBXFileReference; lastKnownFileType = sourcecode.swift; path = UsersInfoRequest.swift; sourceTree = "<group>"; };
		ACCDFBFF26D473420066DA44 /* UserrsInfoResponse.swift */ = {isa = PBXFileReference; lastKnownFileType = sourcecode.swift; path = UserrsInfoResponse.swift; sourceTree = "<group>"; };
		ACCDFC0626D481DE0066DA44 /* PurchaseVC.swift */ = {isa = PBXFileReference; lastKnownFileType = sourcecode.swift; path = PurchaseVC.swift; sourceTree = "<group>"; };
		ACCDFC0826D484180066DA44 /* PurchaseOptionVC.swift */ = {isa = PBXFileReference; lastKnownFileType = sourcecode.swift; path = PurchaseOptionVC.swift; sourceTree = "<group>"; };
		ACCDFC0B26D4995A0066DA44 /* PurchaseOptionTableViewCell.swift */ = {isa = PBXFileReference; lastKnownFileType = sourcecode.swift; path = PurchaseOptionTableViewCell.swift; sourceTree = "<group>"; };
		ACCDFC0C26D4995A0066DA44 /* PurchaseOptionTableViewCell.xib */ = {isa = PBXFileReference; lastKnownFileType = file.xib; path = PurchaseOptionTableViewCell.xib; sourceTree = "<group>"; };
		ACCDFC1326D4E05A0066DA44 /* ShoppingList.swift */ = {isa = PBXFileReference; lastKnownFileType = sourcecode.swift; path = ShoppingList.swift; sourceTree = "<group>"; };
		ACCDFC1626D4E1880066DA44 /* ShoppingListViewModel.swift */ = {isa = PBXFileReference; lastKnownFileType = sourcecode.swift; path = ShoppingListViewModel.swift; sourceTree = "<group>"; };
		ACCDFC2326D56C0A0066DA44 /* InsideTableViewCell.swift */ = {isa = PBXFileReference; lastKnownFileType = sourcecode.swift; path = InsideTableViewCell.swift; sourceTree = "<group>"; };
		ACCDFC2426D56C0A0066DA44 /* InsideTableViewCell.xib */ = {isa = PBXFileReference; lastKnownFileType = file.xib; path = InsideTableViewCell.xib; sourceTree = "<group>"; };
		ACCE616426D124B5007DF748 /* GoodsPageCollectionViewCell.swift */ = {isa = PBXFileReference; lastKnownFileType = sourcecode.swift; path = GoodsPageCollectionViewCell.swift; sourceTree = "<group>"; };
		ACCE616C26D12BA6007DF748 /* GoodsPageStoryboard.storyboard */ = {isa = PBXFileReference; lastKnownFileType = file.storyboard; path = GoodsPageStoryboard.storyboard; sourceTree = "<group>"; };
		ACCE616E26D12C4F007DF748 /* FirstVCStoryboard.storyboard */ = {isa = PBXFileReference; lastKnownFileType = file.storyboard; path = FirstVCStoryboard.storyboard; sourceTree = "<group>"; };
		ACCE617626D153D9007DF748 /* GoodsPageViewController.swift */ = {isa = PBXFileReference; lastKnownFileType = sourcecode.swift; path = GoodsPageViewController.swift; sourceTree = "<group>"; };
		ACCE617826D20D61007DF748 /* SecondVCStoryboard.storyboard */ = {isa = PBXFileReference; lastKnownFileType = file.storyboard; path = SecondVCStoryboard.storyboard; sourceTree = "<group>"; };
		ACCE617A26D20D72007DF748 /* ThirdVCStoryboard.storyboard */ = {isa = PBXFileReference; lastKnownFileType = file.storyboard; path = ThirdVCStoryboard.storyboard; sourceTree = "<group>"; };
		ACCE617D26D27EBE007DF748 /* TodayGoodsCell.swift */ = {isa = PBXFileReference; lastKnownFileType = sourcecode.swift; path = TodayGoodsCell.swift; sourceTree = "<group>"; };
		ACCE617E26D27EBE007DF748 /* TodayGoodsCell.xib */ = {isa = PBXFileReference; lastKnownFileType = file.xib; path = TodayGoodsCell.xib; sourceTree = "<group>"; };
		ACCE618226D27FC9007DF748 /* TodayGoodsTableViewCell.swift */ = {isa = PBXFileReference; lastKnownFileType = sourcecode.swift; path = TodayGoodsTableViewCell.swift; sourceTree = "<group>"; };
		ACCE618326D27FC9007DF748 /* TodayGoodsTableViewCell.xib */ = {isa = PBXFileReference; lastKnownFileType = file.xib; path = TodayGoodsTableViewCell.xib; sourceTree = "<group>"; };
		ACCE618A26D29A70007DF748 /* NewGoodsTableViewCell.swift */ = {isa = PBXFileReference; lastKnownFileType = sourcecode.swift; path = NewGoodsTableViewCell.swift; sourceTree = "<group>"; };
		ACCE618B26D29A70007DF748 /* NewGoodsTableViewCell.xib */ = {isa = PBXFileReference; lastKnownFileType = file.xib; path = NewGoodsTableViewCell.xib; sourceTree = "<group>"; };
		ACCE618E26D29BE2007DF748 /* NewGoodsCollectionViewCell.swift */ = {isa = PBXFileReference; lastKnownFileType = sourcecode.swift; path = NewGoodsCollectionViewCell.swift; sourceTree = "<group>"; };
		ACCE618F26D29BE2007DF748 /* NewGoodsCollectionViewCell.xib */ = {isa = PBXFileReference; lastKnownFileType = file.xib; path = NewGoodsCollectionViewCell.xib; sourceTree = "<group>"; };
		ACCE619426D3351A007DF748 /* NowGoodsCollectionViewCell.swift */ = {isa = PBXFileReference; lastKnownFileType = sourcecode.swift; path = NowGoodsCollectionViewCell.swift; sourceTree = "<group>"; };
		ACCE619526D3351A007DF748 /* NowGoodsCollectionViewCell.xib */ = {isa = PBXFileReference; lastKnownFileType = file.xib; path = NowGoodsCollectionViewCell.xib; sourceTree = "<group>"; };
		ACCE619826D33532007DF748 /* NowGoodsTableViewCell.swift */ = {isa = PBXFileReference; lastKnownFileType = sourcecode.swift; path = NowGoodsTableViewCell.swift; sourceTree = "<group>"; };
		ACCE619926D33532007DF748 /* NowGoodsTableViewCell.xib */ = {isa = PBXFileReference; lastKnownFileType = file.xib; path = NowGoodsTableViewCell.xib; sourceTree = "<group>"; };
		ACCE619C26D33B19007DF748 /* SearchVC.swift */ = {isa = PBXFileReference; lastKnownFileType = sourcecode.swift; path = SearchVC.swift; sourceTree = "<group>"; };
		ACCE61A026D33B8B007DF748 /* TableViewCell.swift */ = {isa = PBXFileReference; lastKnownFileType = sourcecode.swift; path = TableViewCell.swift; sourceTree = "<group>"; };
		ACCE61A126D33B8B007DF748 /* TableViewCell.xib */ = {isa = PBXFileReference; lastKnownFileType = file.xib; path = TableViewCell.xib; sourceTree = "<group>"; };
		ACCE61A426D33B9A007DF748 /* CollectionViewCell.swift */ = {isa = PBXFileReference; lastKnownFileType = sourcecode.swift; path = CollectionViewCell.swift; sourceTree = "<group>"; };
		ACCE61A526D33B9A007DF748 /* CollectionViewCell.xib */ = {isa = PBXFileReference; lastKnownFileType = file.xib; path = CollectionViewCell.xib; sourceTree = "<group>"; };
		ACCE61AA26D39842007DF748 /* GoodsPageCollectionViewCell.xib */ = {isa = PBXFileReference; lastKnownFileType = file.xib; path = GoodsPageCollectionViewCell.xib; sourceTree = "<group>"; };
		ACCE61AE26D3BD92007DF748 /* GoodsPageImgTableViewCell.swift */ = {isa = PBXFileReference; lastKnownFileType = sourcecode.swift; path = GoodsPageImgTableViewCell.swift; sourceTree = "<group>"; };
		ACCE61AF26D3BD92007DF748 /* GoodsPageImgTableViewCell.xib */ = {isa = PBXFileReference; lastKnownFileType = file.xib; path = GoodsPageImgTableViewCell.xib; sourceTree = "<group>"; };
		ACCE61B226D4042B007DF748 /* GoodsPageMainInfoTableViewCell.swift */ = {isa = PBXFileReference; lastKnownFileType = sourcecode.swift; path = GoodsPageMainInfoTableViewCell.swift; sourceTree = "<group>"; };
		ACCE61B326D4042B007DF748 /* GoodsPageMainInfoTableViewCell.xib */ = {isa = PBXFileReference; lastKnownFileType = file.xib; path = GoodsPageMainInfoTableViewCell.xib; sourceTree = "<group>"; };
		ACCE61B626D42A02007DF748 /* GoodsPageDeliveryTableViewCell.swift */ = {isa = PBXFileReference; lastKnownFileType = sourcecode.swift; path = GoodsPageDeliveryTableViewCell.swift; sourceTree = "<group>"; };
		ACCE61B726D42A03007DF748 /* GoodsPageDeliveryTableViewCell.xib */ = {isa = PBXFileReference; lastKnownFileType = file.xib; path = GoodsPageDeliveryTableViewCell.xib; sourceTree = "<group>"; };
		ACCE61BA26D42E08007DF748 /* GoodsPageTextTableViewCell.swift */ = {isa = PBXFileReference; lastKnownFileType = sourcecode.swift; path = GoodsPageTextTableViewCell.swift; sourceTree = "<group>"; };
		ACCE61BB26D42E08007DF748 /* GoodsPageTextTableViewCell.xib */ = {isa = PBXFileReference; lastKnownFileType = file.xib; path = GoodsPageTextTableViewCell.xib; sourceTree = "<group>"; };
		D3FB9131987660A50F2E9E8B /* Pods-Idus_b.release.xcconfig */ = {isa = PBXFileReference; includeInIndex = 1; lastKnownFileType = text.xcconfig; name = "Pods-Idus_b.release.xcconfig"; path = "Target Support Files/Pods-Idus_b/Pods-Idus_b.release.xcconfig"; sourceTree = "<group>"; };
/* End PBXFileReference section */

/* Begin PBXFrameworksBuildPhase section */
		ACC5974226C9463F00E2630B /* Frameworks */ = {
			isa = PBXFrameworksBuildPhase;
			buildActionMask = 2147483647;
			files = (
				C29B0B7882D76C8082548C06 /* Pods_Idus_b.framework in Frameworks */,
			);
			runOnlyForDeploymentPostprocessing = 0;
		};
/* End PBXFrameworksBuildPhase section */

/* Begin PBXGroup section */
		0DCF14366B80D433AE902514 /* Pods */ = {
			isa = PBXGroup;
			children = (
				6D5B05F8A193EEE8E520B79A /* Pods-Idus_b.debug.xcconfig */,
				D3FB9131987660A50F2E9E8B /* Pods-Idus_b.release.xcconfig */,
			);
			path = Pods;
			sourceTree = "<group>";
		};
		62314470182A0ACD10EF1169 /* Frameworks */ = {
			isa = PBXGroup;
			children = (
				70AB0D371C8E627B1D4D44BB /* Pods_Idus_b.framework */,
			);
			name = Frameworks;
			sourceTree = "<group>";
		};
		AC3D9BF726CE427B00E94F21 /* BannerCollectionCell */ = {
			isa = PBXGroup;
			children = (
				AC6AD4DC26CF9911005538FC /* BannerCell.swift */,
				AC6AD4DD26CF9911005538FC /* BannerCell.xib */,
			);
			path = BannerCollectionCell;
			sourceTree = "<group>";
		};
		AC646E3F26D0E38B00CFD01A /* (보류)CellController */ = {
			isa = PBXGroup;
			children = (
				AC6AD51726D00AED005538FC /* MyCellControllerFactory.swift */,
				AC646E4026D0E3A400CFD01A /* CellController.swift */,
				AC646E4426D0E5B900CFD01A /* GenericCellController.swift */,
				AC646E4226D0E3DE00CFD01A /* ReusableCellHolder.swift */,
			);
			name = "(보류)CellController";
			path = "(보류)CellController";
			sourceTree = "<group>";
		};
		AC646E4726D0F4BE00CFD01A /* GoodsColletionCell */ = {
			isa = PBXGroup;
			children = (
				AC646E4826D0F58900CFD01A /* GoodsCell.swift */,
				AC646E4926D0F58900CFD01A /* GoodsCell.xib */,
			);
			path = GoodsColletionCell;
			sourceTree = "<group>";
		};
		AC6AD4BC26CE770F005538FC /* PagingKit */ = {
			isa = PBXGroup;
			children = (
				AC6AD4CE26CEB48B005538FC /* Menu */,
				AC6AD4CB26CEB465005538FC /* FirstVC */,
				AC6AD4CC26CEB470005538FC /* SecondVC */,
				AC6AD4CD26CEB479005538FC /* ThirdVC */,
			);
			path = PagingKit;
			sourceTree = "<group>";
		};
		AC6AD4CB26CEB465005538FC /* FirstVC */ = {
			isa = PBXGroup;
			children = (
				ACCE616E26D12C4F007DF748 /* FirstVCStoryboard.storyboard */,
				AC6AD4C326CE907C005538FC /* FirstVC.swift */,
				AC646E3F26D0E38B00CFD01A /* (보류)CellController */,
				AC6AD4CF26CEB507005538FC /* TableCell */,
				ACCE615F26D121D0007DF748 /* CollectionCell */,
				ACCE616026D1226B007DF748 /* GoodsPage */,
				ACCDFC0326D478680066DA44 /* CartPage */,
				ACCDFC0226D4785D0066DA44 /* OrderPage */,
				ACCDFC0126D477F40066DA44 /* PayPage */,
				AC6AD50E26CFF636005538FC /* (보류)CategoryScrollVeiw */,
			);
			path = FirstVC;
			sourceTree = "<group>";
		};
		AC6AD4CC26CEB470005538FC /* SecondVC */ = {
			isa = PBXGroup;
			children = (
				ACCE617826D20D61007DF748 /* SecondVCStoryboard.storyboard */,
				AC6AD4C526CE90BC005538FC /* SecondVC.swift */,
				ACCE619226D334E8007DF748 /* TableCell */,
				ACCE619326D334EE007DF748 /* CollectionCell */,
			);
			path = SecondVC;
			sourceTree = "<group>";
		};
		AC6AD4CD26CEB479005538FC /* ThirdVC */ = {
			isa = PBXGroup;
			children = (
				ACCE617A26D20D72007DF748 /* ThirdVCStoryboard.storyboard */,
				AC6AD4C726CE90DE005538FC /* ThirdVC.swift */,
				ACCE618826D29A2B007DF748 /* TableCell */,
				ACCE618926D29A32007DF748 /* CollectionCell */,
			);
			path = ThirdVC;
			sourceTree = "<group>";
		};
		AC6AD4CE26CEB48B005538FC /* Menu */ = {
			isa = PBXGroup;
			children = (
				AC6AD4BD26CE7732005538FC /* MenuCell.swift */,
				AC6AD4BF26CE7C2D005538FC /* MenuCell.xib */,
				AC6AD4C126CE88F5005538FC /* FocusView.xib */,
			);
			path = Menu;
			sourceTree = "<group>";
		};
		AC6AD4CF26CEB507005538FC /* TableCell */ = {
			isa = PBXGroup;
			children = (
				AC6AD50F26CFF68A005538FC /* Banner */,
				AC6AD51226CFF90B005538FC /* Category */,
				AC6AD51D26D013C2005538FC /* Goods */,
				ACCE618126D27F84007DF748 /* TodayGoods */,
			);
			path = TableCell;
			sourceTree = "<group>";
		};
		AC6AD50E26CFF636005538FC /* (보류)CategoryScrollVeiw */ = {
			isa = PBXGroup;
			children = (
				AC6AD52426D03B0F005538FC /* Components */,
				AC6AD51026CFF6F4005538FC /* CategoryScrollVeiw.swift */,
			);
			name = "(보류)CategoryScrollVeiw";
			path = "(보류)CategoryScrollVeiw";
			sourceTree = "<group>";
		};
		AC6AD50F26CFF68A005538FC /* Banner */ = {
			isa = PBXGroup;
			children = (
				AC6AD51926D01217005538FC /* BannerTableCellController.swift */,
				AC6AD50A26CFEC98005538FC /* FirstVCTableBannerCell.swift */,
				AC6AD50B26CFEC98005538FC /* FirstVCTableBannerCell.xib */,
			);
			path = Banner;
			sourceTree = "<group>";
		};
		AC6AD51226CFF90B005538FC /* Category */ = {
			isa = PBXGroup;
			children = (
				AC6AD51B26D01280005538FC /* CategoryTableCellController.swift */,
				AC6AD51326CFF952005538FC /* FirstVCTableCategoryCell.swift */,
				AC6AD51426CFF952005538FC /* FirstVCTableCategoryCell.xib */,
			);
			path = Category;
			sourceTree = "<group>";
		};
		AC6AD51D26D013C2005538FC /* Goods */ = {
			isa = PBXGroup;
			children = (
				AC6AD52226D0144C005538FC /* GoodsTableCellController.swift */,
				AC6AD51E26D013F4005538FC /* FirstVCTableGoodsCell.swift */,
				AC6AD51F26D013F4005538FC /* FirstVCTableGoodsCell.xib */,
			);
			path = Goods;
			sourceTree = "<group>";
		};
		AC6AD52426D03B0F005538FC /* Components */ = {
			isa = PBXGroup;
			children = (
				AC6AD52526D03B2F005538FC /* BaseScrollView.swift */,
				AC6AD52726D03B4B005538FC /* HorizontalScrollView.swift */,
				AC6AD52926D03B8F005538FC /* SomeDataModel.swift */,
			);
			path = Components;
			sourceTree = "<group>";
		};
		AC6AD52B26D03D6A005538FC /* CategoryColletionCell */ = {
			isa = PBXGroup;
			children = (
				AC6AD52C26D03DE2005538FC /* CategoryCell.swift */,
				AC6AD52D26D03DE2005538FC /* CategoryCell.xib */,
			);
			path = CategoryColletionCell;
			sourceTree = "<group>";
		};
		AC6AD53026D04898005538FC /* DataModel */ = {
			isa = PBXGroup;
			children = (
				AC6AD53126D048BB005538FC /* DataModels.swift */,
				ACCDFC1326D4E05A0066DA44 /* ShoppingList.swift */,
			);
			path = DataModel;
			sourceTree = "<group>";
		};
		ACC5973C26C9463F00E2630B = {
			isa = PBXGroup;
			children = (
				ACC5974726C9463F00E2630B /* Idus_b */,
				ACC5974626C9463F00E2630B /* Products */,
				0DCF14366B80D433AE902514 /* Pods */,
				62314470182A0ACD10EF1169 /* Frameworks */,
			);
			sourceTree = "<group>";
		};
		ACC5974626C9463F00E2630B /* Products */ = {
			isa = PBXGroup;
			children = (
				ACC5974526C9463F00E2630B /* Idus_b.app */,
			);
			name = Products;
			sourceTree = "<group>";
		};
		ACC5974726C9463F00E2630B /* Idus_b */ = {
			isa = PBXGroup;
			children = (
				ACC597B426C94C2800E2630B /* Configuration */,
				ACC597D926C94C5700E2630B /* Sources */,
				ACC5974826C9463F00E2630B /* AppDelegate.swift */,
				ACC5974A26C9463F00E2630B /* SceneDelegate.swift */,
				ACC5975126C9464600E2630B /* Assets.xcassets */,
				ACC5975326C9464600E2630B /* LaunchScreen.storyboard */,
				ACC5975626C9464600E2630B /* Info.plist */,
			);
			path = Idus_b;
			sourceTree = "<group>";
		};
		ACC597B426C94C2800E2630B /* Configuration */ = {
			isa = PBXGroup;
			children = (
				ACC597B526C94C2800E2630B /* Constant.swift */,
				AC6AD53026D04898005538FC /* DataModel */,
				ACCDFC1526D4E1590066DA44 /* ViewModel */,
				ACC597B626C94C2800E2630B /* CommonClass */,
				ACC597B926C94C2800E2630B /* Extension */,
				ACC597C126C94C2800E2630B /* Secret */,
				ACC597C326C94C2900E2630B /* Font */,
				ACC597C726C94C2900E2630B /* Base */,
				ACC597C926C94C2900E2630B /* Certidicate */,
			);
			path = Configuration;
			sourceTree = "<group>";
		};
		ACC597B626C94C2800E2630B /* CommonClass */ = {
			isa = PBXGroup;
			children = (
				ACC597B726C94C2800E2630B /* IndicatorView.swift */,
				ACC597B826C94C2800E2630B /* Device.swift */,
			);
			path = CommonClass;
			sourceTree = "<group>";
		};
		ACC597B926C94C2800E2630B /* Extension */ = {
			isa = PBXGroup;
			children = (
				ACC597BA26C94C2800E2630B /* Date.swift */,
				ACC597BB26C94C2800E2630B /* String.swift */,
				ACC597BC26C94C2800E2630B /* UIButton.swift */,
				ACC597BD26C94C2800E2630B /* UIViewController.swift */,
				ACC597BE26C94C2800E2630B /* UINavigationBar.swift */,
				ACC597BF26C94C2800E2630B /* UIFont.swift */,
				ACC597C026C94C2800E2630B /* Color.swift */,
				ACC6AA3426CA39F60048D22C /* UIView.swift */,
			);
			path = Extension;
			sourceTree = "<group>";
		};
		ACC597C126C94C2800E2630B /* Secret */ = {
			isa = PBXGroup;
			children = (
				ACC597C226C94C2900E2630B /* KobisKey.swift */,
			);
			path = Secret;
			sourceTree = "<group>";
		};
		ACC597C326C94C2900E2630B /* Font */ = {
			isa = PBXGroup;
			children = (
				ACC597C426C94C2900E2630B /* NotoSansCJKkr-Medium.otf */,
				ACC597C526C94C2900E2630B /* NotoSansCJKkr-Regular.otf */,
				ACC597C626C94C2900E2630B /* NotoSansCJKkr-Bold.otf */,
			);
			path = Font;
			sourceTree = "<group>";
		};
		ACC597C726C94C2900E2630B /* Base */ = {
			isa = PBXGroup;
			children = (
				ACC597C826C94C2900E2630B /* BaseViewController.swift */,
			);
			path = Base;
			sourceTree = "<group>";
		};
		ACC597C926C94C2900E2630B /* Certidicate */ = {
			isa = PBXGroup;
			children = (
			);
			path = Certidicate;
			sourceTree = "<group>";
		};
		ACC597D926C94C5700E2630B /* Sources */ = {
			isa = PBXGroup;
			children = (
				ACC597F726C94C5800E2630B /* LoginedMainStoryboard.storyboard */,
				ACC6AA4026CA903E0048D22C /* MainStoryboard.storyboard */,
				ACC597DA26C94C5700E2630B /* LoginPage */,
				ACC597EE26C94C5700E2630B /* MainPage */,
				ACC597DD26C94C5700E2630B /* Search */,
				ACC6AA3626CA77640048D22C /* Mypage */,
			);
			path = Sources;
			sourceTree = "<group>";
		};
		ACC597DA26C94C5700E2630B /* LoginPage */ = {
			isa = PBXGroup;
			children = (
				ACC597DB26C94C5700E2630B /* LoginStoryboard.storyboard */,
				ACC597DC26C94C5700E2630B /* LoginViewController.swift */,
				ACC6AA4526CAD6F60048D22C /* Next */,
			);
			path = LoginPage;
			sourceTree = "<group>";
		};
		ACC597DD26C94C5700E2630B /* Search */ = {
			isa = PBXGroup;
			children = (
				ACC597DE26C94C5700E2630B /* SearchStoryboard.storyboard */,
				ACCE619C26D33B19007DF748 /* SearchVC.swift */,
				ACCE619E26D33B6C007DF748 /* TableCell */,
				ACCE619F26D33B74007DF748 /* CollectionCell */,
				ACC597DF26C94C5700E2630B /* SignIn */,
				ACC597E526C94C5700E2630B /* BoxOffice */,
			);
			path = Search;
			sourceTree = "<group>";
		};
		ACC597DF26C94C5700E2630B /* SignIn */ = {
			isa = PBXGroup;
			children = (
				ACC597E026C94C5700E2630B /* SignInDataManager.swift */,
				ACC597E126C94C5700E2630B /* Entity */,
				ACC597E426C94C5700E2630B /* SignInViewController.swift */,
			);
			path = SignIn;
			sourceTree = "<group>";
		};
		ACC597E126C94C5700E2630B /* Entity */ = {
			isa = PBXGroup;
			children = (
				ACC597E226C94C5700E2630B /* SignInResponse.swift */,
				ACC597E326C94C5700E2630B /* SignInRequest.swift */,
			);
			path = Entity;
			sourceTree = "<group>";
		};
		ACC597E526C94C5700E2630B /* BoxOffice */ = {
			isa = PBXGroup;
			children = (
				ACC597E626C94C5700E2630B /* Moive */,
				ACC597E826C94C5700E2630B /* BoxOfficeViewController.swift */,
				ACC597E926C94C5700E2630B /* Entity */,
				ACC597EB26C94C5700E2630B /* BoxOfficeDataManager.swift */,
			);
			path = BoxOffice;
			sourceTree = "<group>";
		};
		ACC597E626C94C5700E2630B /* Moive */ = {
			isa = PBXGroup;
			children = (
				ACC597E726C94C5700E2630B /* MovieViewController.swift */,
			);
			path = Moive;
			sourceTree = "<group>";
		};
		ACC597E926C94C5700E2630B /* Entity */ = {
			isa = PBXGroup;
			children = (
				ACC597EA26C94C5700E2630B /* BoxOfficeResponse.swift */,
			);
			path = Entity;
			sourceTree = "<group>";
		};
		ACC597EE26C94C5700E2630B /* MainPage */ = {
			isa = PBXGroup;
			children = (
				ACC597F626C94C5800E2630B /* MainPageStoryboard.storyboard */,
				ACC597F326C94C5800E2630B /* MainPageViewController.swift */,
				AC6AD4BC26CE770F005538FC /* PagingKit */,
				ACC597EF26C94C5800E2630B /* Transition */,
				ACC597F426C94C5800E2630B /* Alert */,
			);
			path = MainPage;
			sourceTree = "<group>";
		};
		ACC597EF26C94C5800E2630B /* Transition */ = {
			isa = PBXGroup;
			children = (
				ACC597F026C94C5800E2630B /* Next */,
				ACC597F226C94C5800E2630B /* TransitionViewController.swift */,
			);
			path = Transition;
			sourceTree = "<group>";
		};
		ACC597F026C94C5800E2630B /* Next */ = {
			isa = PBXGroup;
			children = (
				ACC597F126C94C5800E2630B /* TransitionNextViewController.swift */,
			);
			path = Next;
			sourceTree = "<group>";
		};
		ACC597F426C94C5800E2630B /* Alert */ = {
			isa = PBXGroup;
			children = (
				ACC597F526C94C5800E2630B /* AlertViewController.swift */,
			);
			path = Alert;
			sourceTree = "<group>";
		};
		ACC6AA3626CA77640048D22C /* Mypage */ = {
			isa = PBXGroup;
			children = (
				ACC6AA3726CA778F0048D22C /* MypageStoryboard.storyboard */,
				ACC6AA3926CA77AD0048D22C /* MypageViewController.swift */,
				ACC6AA3B26CA7FB20048D22C /* logined */,
			);
			path = Mypage;
			sourceTree = "<group>";
		};
		ACC6AA3B26CA7FB20048D22C /* logined */ = {
			isa = PBXGroup;
			children = (
				ACCDFBFB26D472E80066DA44 /* LoginedMypageDataManager.swift */,
				ACCDFBFA26D472B10066DA44 /* Entity */,
				ACC6AA3C26CA80A50048D22C /* LoginedMypageStoryboard.storyboard */,
				ACC6AA3E26CA80BC0048D22C /* LoginedMypageViewController.swift */,
				ACC6AA4426CA98360048D22C /* Detail */,
			);
			path = logined;
			sourceTree = "<group>";
		};
		ACC6AA4426CA98360048D22C /* Detail */ = {
			isa = PBXGroup;
			children = (
				ACC6AA4226CA948F0048D22C /* LoginedMypageDetailViewController.swift */,
			);
			path = Detail;
			sourceTree = "<group>";
		};
		ACC6AA4526CAD6F60048D22C /* Next */ = {
			isa = PBXGroup;
			children = (
				ACC6AA4A26CB44D60048D22C /* EmailSignUp */,
				ACC6AA4B26CB458E0048D22C /* EmailLogin */,
			);
			path = Next;
			sourceTree = "<group>";
		};
		ACC6AA4A26CB44D60048D22C /* EmailSignUp */ = {
			isa = PBXGroup;
			children = (
				ACC6AA5226CB46660048D22C /* EmailSignUpDataManager.swift */,
				ACC6AA4C26CB45BE0048D22C /* Entity */,
				ACC6AA4626CAD72A0048D22C /* EmailSignUpViewController.swift */,
			);
			path = EmailSignUp;
			sourceTree = "<group>";
		};
		ACC6AA4B26CB458E0048D22C /* EmailLogin */ = {
			isa = PBXGroup;
			children = (
				ACC6AA5426CB46830048D22C /* EmailLoginDataManager.swift */,
				ACC6AA4D26CB45C70048D22C /* Entity */,
				ACC6AA4826CAD7450048D22C /* EmailLoginViewController.swift */,
			);
			path = EmailLogin;
			sourceTree = "<group>";
		};
		ACC6AA4C26CB45BE0048D22C /* Entity */ = {
			isa = PBXGroup;
			children = (
				ACC6AA4E26CB45E80048D22C /* EmailSignUpResponse.swift */,
				ACC6AA5026CB46010048D22C /* EmailSignUpRequest.swift */,
			);
			path = Entity;
			sourceTree = "<group>";
		};
		ACC6AA4D26CB45C70048D22C /* Entity */ = {
			isa = PBXGroup;
			children = (
				ACC6AA5626CB46990048D22C /* EmailLoginResponse.swift */,
				ACC6AA5826CB46AA0048D22C /* EmailLoginRequest.swift */,
			);
			path = Entity;
			sourceTree = "<group>";
		};
		ACCDFBFA26D472B10066DA44 /* Entity */ = {
			isa = PBXGroup;
			children = (
				ACCDFBFF26D473420066DA44 /* UserrsInfoResponse.swift */,
				ACCDFBFD26D4732D0066DA44 /* UsersInfoRequest.swift */,
			);
			path = Entity;
			sourceTree = "<group>";
		};
		ACCDFC0126D477F40066DA44 /* PayPage */ = {
			isa = PBXGroup;
			children = (
			);
			path = PayPage;
			sourceTree = "<group>";
		};
		ACCDFC0226D4785D0066DA44 /* OrderPage */ = {
			isa = PBXGroup;
			children = (
			);
			path = OrderPage;
			sourceTree = "<group>";
		};
		ACCDFC0326D478680066DA44 /* CartPage */ = {
			isa = PBXGroup;
			children = (
			);
			path = CartPage;
			sourceTree = "<group>";
		};
		ACCDFC0426D4797D0066DA44 /* Purchase */ = {
			isa = PBXGroup;
			children = (
				ACCDFC0826D484180066DA44 /* PurchaseOptionVC.swift */,
				ACCDFC0626D481DE0066DA44 /* PurchaseVC.swift */,
				ACCDFC0A26D499240066DA44 /* TableCell */,
			);
			path = Purchase;
			sourceTree = "<group>";
		};
		ACCDFC0526D479900066DA44 /* (보류)Present */ = {
			isa = PBXGroup;
			children = (
			);
			name = "(보류)Present";
			path = "(보류)Present";
			sourceTree = "<group>";
		};
		ACCDFC0A26D499240066DA44 /* TableCell */ = {
			isa = PBXGroup;
			children = (
				ACCDFC0B26D4995A0066DA44 /* PurchaseOptionTableViewCell.swift */,
				ACCDFC0C26D4995A0066DA44 /* PurchaseOptionTableViewCell.xib */,
				ACCDFC1826D4EC4B0066DA44 /* InsideTableCell */,
				AC11BCA926D5B54400637C32 /* PurchaseVCTableViewCell.swift */,
				AC11BCAA26D5B54400637C32 /* PurchaseVCTableViewCell.xib */,
			);
			path = TableCell;
			sourceTree = "<group>";
		};
		ACCDFC1526D4E1590066DA44 /* ViewModel */ = {
			isa = PBXGroup;
			children = (
				ACCDFC1626D4E1880066DA44 /* ShoppingListViewModel.swift */,
			);
			path = ViewModel;
			sourceTree = "<group>";
		};
		ACCDFC1826D4EC4B0066DA44 /* InsideTableCell */ = {
			isa = PBXGroup;
			children = (
				ACCDFC2326D56C0A0066DA44 /* InsideTableViewCell.swift */,
				ACCDFC2426D56C0A0066DA44 /* InsideTableViewCell.xib */,
			);
			path = InsideTableCell;
			sourceTree = "<group>";
		};
		ACCE615F26D121D0007DF748 /* CollectionCell */ = {
			isa = PBXGroup;
			children = (
				AC3D9BF726CE427B00E94F21 /* BannerCollectionCell */,
				AC6AD52B26D03D6A005538FC /* CategoryColletionCell */,
				AC646E4726D0F4BE00CFD01A /* GoodsColletionCell */,
				ACCE617C26D27E78007DF748 /* TodayGoodsCollectionCell */,
			);
			path = CollectionCell;
			sourceTree = "<group>";
		};
		ACCE616026D1226B007DF748 /* GoodsPage */ = {
			isa = PBXGroup;
			children = (
				ACCE616C26D12BA6007DF748 /* GoodsPageStoryboard.storyboard */,
				ACCE617626D153D9007DF748 /* GoodsPageViewController.swift */,
				ACCE61AD26D3BD6C007DF748 /* TableCell */,
				ACCE61A826D36B62007DF748 /* CollectionCell */,
				ACCDFC0426D4797D0066DA44 /* Purchase */,
				ACCDFC0526D479900066DA44 /* (보류)Present */,
			);
			path = GoodsPage;
			sourceTree = "<group>";
		};
		ACCE617C26D27E78007DF748 /* TodayGoodsCollectionCell */ = {
			isa = PBXGroup;
			children = (
				ACCE617D26D27EBE007DF748 /* TodayGoodsCell.swift */,
				ACCE617E26D27EBE007DF748 /* TodayGoodsCell.xib */,
			);
			path = TodayGoodsCollectionCell;
			sourceTree = "<group>";
		};
		ACCE618126D27F84007DF748 /* TodayGoods */ = {
			isa = PBXGroup;
			children = (
				ACCE618226D27FC9007DF748 /* TodayGoodsTableViewCell.swift */,
				ACCE618326D27FC9007DF748 /* TodayGoodsTableViewCell.xib */,
			);
			path = TodayGoods;
			sourceTree = "<group>";
		};
		ACCE618826D29A2B007DF748 /* TableCell */ = {
			isa = PBXGroup;
			children = (
				ACCE618A26D29A70007DF748 /* NewGoodsTableViewCell.swift */,
				ACCE618B26D29A70007DF748 /* NewGoodsTableViewCell.xib */,
			);
			path = TableCell;
			sourceTree = "<group>";
		};
		ACCE618926D29A32007DF748 /* CollectionCell */ = {
			isa = PBXGroup;
			children = (
				ACCE618E26D29BE2007DF748 /* NewGoodsCollectionViewCell.swift */,
				ACCE618F26D29BE2007DF748 /* NewGoodsCollectionViewCell.xib */,
			);
			path = CollectionCell;
			sourceTree = "<group>";
		};
		ACCE619226D334E8007DF748 /* TableCell */ = {
			isa = PBXGroup;
			children = (
				ACCE619826D33532007DF748 /* NowGoodsTableViewCell.swift */,
				ACCE619926D33532007DF748 /* NowGoodsTableViewCell.xib */,
			);
			path = TableCell;
			sourceTree = "<group>";
		};
		ACCE619326D334EE007DF748 /* CollectionCell */ = {
			isa = PBXGroup;
			children = (
				ACCE619426D3351A007DF748 /* NowGoodsCollectionViewCell.swift */,
				ACCE619526D3351A007DF748 /* NowGoodsCollectionViewCell.xib */,
			);
			path = CollectionCell;
			sourceTree = "<group>";
		};
		ACCE619E26D33B6C007DF748 /* TableCell */ = {
			isa = PBXGroup;
			children = (
				ACCE61A026D33B8B007DF748 /* TableViewCell.swift */,
				ACCE61A126D33B8B007DF748 /* TableViewCell.xib */,
			);
			path = TableCell;
			sourceTree = "<group>";
		};
		ACCE619F26D33B74007DF748 /* CollectionCell */ = {
			isa = PBXGroup;
			children = (
				ACCE61A426D33B9A007DF748 /* CollectionViewCell.swift */,
				ACCE61A526D33B9A007DF748 /* CollectionViewCell.xib */,
			);
			path = CollectionCell;
			sourceTree = "<group>";
		};
		ACCE61A826D36B62007DF748 /* CollectionCell */ = {
			isa = PBXGroup;
			children = (
				ACCE616426D124B5007DF748 /* GoodsPageCollectionViewCell.swift */,
				ACCE61AA26D39842007DF748 /* GoodsPageCollectionViewCell.xib */,
			);
			path = CollectionCell;
			sourceTree = "<group>";
		};
		ACCE61AD26D3BD6C007DF748 /* TableCell */ = {
			isa = PBXGroup;
			children = (
				ACCE61AE26D3BD92007DF748 /* GoodsPageImgTableViewCell.swift */,
				ACCE61AF26D3BD92007DF748 /* GoodsPageImgTableViewCell.xib */,
				ACCE61B226D4042B007DF748 /* GoodsPageMainInfoTableViewCell.swift */,
				ACCE61B326D4042B007DF748 /* GoodsPageMainInfoTableViewCell.xib */,
				ACCE61B626D42A02007DF748 /* GoodsPageDeliveryTableViewCell.swift */,
				ACCE61B726D42A03007DF748 /* GoodsPageDeliveryTableViewCell.xib */,
				ACCE61BA26D42E08007DF748 /* GoodsPageTextTableViewCell.swift */,
				ACCE61BB26D42E08007DF748 /* GoodsPageTextTableViewCell.xib */,
			);
			path = TableCell;
			sourceTree = "<group>";
		};
/* End PBXGroup section */

/* Begin PBXNativeTarget section */
		ACC5974426C9463F00E2630B /* Idus_b */ = {
			isa = PBXNativeTarget;
			buildConfigurationList = ACC5975926C9464600E2630B /* Build configuration list for PBXNativeTarget "Idus_b" */;
			buildPhases = (
				F882B940C24775F573AC7E4E /* [CP] Check Pods Manifest.lock */,
				ACC5974126C9463F00E2630B /* Sources */,
				ACC5974226C9463F00E2630B /* Frameworks */,
				ACC5974326C9463F00E2630B /* Resources */,
				07E9EA48DAEDA5A8B2E37382 /* [CP] Embed Pods Frameworks */,
			);
			buildRules = (
			);
			dependencies = (
			);
			name = Idus_b;
			productName = Idus_b;
			productReference = ACC5974526C9463F00E2630B /* Idus_b.app */;
			productType = "com.apple.product-type.application";
		};
/* End PBXNativeTarget section */

/* Begin PBXProject section */
		ACC5973D26C9463F00E2630B /* Project object */ = {
			isa = PBXProject;
			attributes = {
				LastSwiftUpdateCheck = 1250;
				LastUpgradeCheck = 1250;
				TargetAttributes = {
					ACC5974426C9463F00E2630B = {
						CreatedOnToolsVersion = 12.5.1;
					};
				};
			};
			buildConfigurationList = ACC5974026C9463F00E2630B /* Build configuration list for PBXProject "Idus_b" */;
			compatibilityVersion = "Xcode 9.3";
			developmentRegion = en;
			hasScannedForEncodings = 0;
			knownRegions = (
				en,
				Base,
			);
			mainGroup = ACC5973C26C9463F00E2630B;
			productRefGroup = ACC5974626C9463F00E2630B /* Products */;
			projectDirPath = "";
			projectRoot = "";
			targets = (
				ACC5974426C9463F00E2630B /* Idus_b */,
			);
		};
/* End PBXProject section */

/* Begin PBXResourcesBuildPhase section */
		ACC5974326C9463F00E2630B /* Resources */ = {
			isa = PBXResourcesBuildPhase;
			buildActionMask = 2147483647;
			files = (
				ACCE617B26D20D72007DF748 /* ThirdVCStoryboard.storyboard in Resources */,
				ACCE617926D20D61007DF748 /* SecondVCStoryboard.storyboard in Resources */,
				ACCE61AC26D39843007DF748 /* GoodsPageCollectionViewCell.xib in Resources */,
				ACCE61B926D42A05007DF748 /* GoodsPageDeliveryTableViewCell.xib in Resources */,
				ACCE618026D27EBE007DF748 /* TodayGoodsCell.xib in Resources */,
				ACC5975526C9464600E2630B /* LaunchScreen.storyboard in Resources */,
				AC6AD51626CFF952005538FC /* FirstVCTableCategoryCell.xib in Resources */,
				AC646E4B26D0F58900CFD01A /* GoodsCell.xib in Resources */,
				ACC597D726C94C2900E2630B /* NotoSansCJKkr-Bold.otf in Resources */,
				ACCE619726D3351A007DF748 /* NowGoodsCollectionViewCell.xib in Resources */,
				AC6AD52126D013F4005538FC /* FirstVCTableGoodsCell.xib in Resources */,
				ACCE61A326D33B8B007DF748 /* TableViewCell.xib in Resources */,
				ACCE61B126D3BD93007DF748 /* GoodsPageImgTableViewCell.xib in Resources */,
				ACCE616F26D12C4F007DF748 /* FirstVCStoryboard.storyboard in Resources */,
				ACC597D626C94C2900E2630B /* NotoSansCJKkr-Regular.otf in Resources */,
				ACCDFC2626D56C0A0066DA44 /* InsideTableViewCell.xib in Resources */,
				AC6AD4C226CE88F5005538FC /* FocusView.xib in Resources */,
				ACC5975226C9464600E2630B /* Assets.xcassets in Resources */,
				ACCDFC0E26D4995A0066DA44 /* PurchaseOptionTableViewCell.xib in Resources */,
				ACCE61A726D33B9A007DF748 /* CollectionViewCell.xib in Resources */,
				ACCE618526D27FC9007DF748 /* TodayGoodsTableViewCell.xib in Resources */,
				ACC597F826C94C5800E2630B /* LoginStoryboard.storyboard in Resources */,
				ACC6AA4126CA903E0048D22C /* MainStoryboard.storyboard in Resources */,
				ACCE61BD26D42E08007DF748 /* GoodsPageTextTableViewCell.xib in Resources */,
				ACC5980926C94C5800E2630B /* LoginedMainStoryboard.storyboard in Resources */,
				ACC5980826C94C5800E2630B /* MainPageStoryboard.storyboard in Resources */,
				ACCE619126D29BE2007DF748 /* NewGoodsCollectionViewCell.xib in Resources */,
				ACCE61B526D4042B007DF748 /* GoodsPageMainInfoTableViewCell.xib in Resources */,
				AC6AD4C026CE7C2D005538FC /* MenuCell.xib in Resources */,
				AC6AD50D26CFEC98005538FC /* FirstVCTableBannerCell.xib in Resources */,
				ACCE619B26D33532007DF748 /* NowGoodsTableViewCell.xib in Resources */,
				ACC597D526C94C2900E2630B /* NotoSansCJKkr-Medium.otf in Resources */,
				ACC6AA3826CA778F0048D22C /* MypageStoryboard.storyboard in Resources */,
				AC6AD4DF26CF9911005538FC /* BannerCell.xib in Resources */,
				ACC6AA3D26CA80A50048D22C /* LoginedMypageStoryboard.storyboard in Resources */,
				AC11BCAC26D5B54400637C32 /* PurchaseVCTableViewCell.xib in Resources */,
				ACC597FA26C94C5800E2630B /* SearchStoryboard.storyboard in Resources */,
				AC6AD52F26D03DE2005538FC /* CategoryCell.xib in Resources */,
				ACCE616D26D12BA6007DF748 /* GoodsPageStoryboard.storyboard in Resources */,
				ACCE618D26D29A70007DF748 /* NewGoodsTableViewCell.xib in Resources */,
			);
			runOnlyForDeploymentPostprocessing = 0;
		};
/* End PBXResourcesBuildPhase section */

/* Begin PBXShellScriptBuildPhase section */
		07E9EA48DAEDA5A8B2E37382 /* [CP] Embed Pods Frameworks */ = {
			isa = PBXShellScriptBuildPhase;
			buildActionMask = 2147483647;
			files = (
			);
			inputFileListPaths = (
				"${PODS_ROOT}/Target Support Files/Pods-Idus_b/Pods-Idus_b-frameworks-${CONFIGURATION}-input-files.xcfilelist",
			);
			name = "[CP] Embed Pods Frameworks";
			outputFileListPaths = (
				"${PODS_ROOT}/Target Support Files/Pods-Idus_b/Pods-Idus_b-frameworks-${CONFIGURATION}-output-files.xcfilelist",
			);
			runOnlyForDeploymentPostprocessing = 0;
			shellPath = /bin/sh;
			shellScript = "\"${PODS_ROOT}/Target Support Files/Pods-Idus_b/Pods-Idus_b-frameworks.sh\"\n";
			showEnvVarsInLog = 0;
		};
		F882B940C24775F573AC7E4E /* [CP] Check Pods Manifest.lock */ = {
			isa = PBXShellScriptBuildPhase;
			buildActionMask = 2147483647;
			files = (
			);
			inputFileListPaths = (
			);
			inputPaths = (
				"${PODS_PODFILE_DIR_PATH}/Podfile.lock",
				"${PODS_ROOT}/Manifest.lock",
			);
			name = "[CP] Check Pods Manifest.lock";
			outputFileListPaths = (
			);
			outputPaths = (
				"$(DERIVED_FILE_DIR)/Pods-Idus_b-checkManifestLockResult.txt",
			);
			runOnlyForDeploymentPostprocessing = 0;
			shellPath = /bin/sh;
			shellScript = "diff \"${PODS_PODFILE_DIR_PATH}/Podfile.lock\" \"${PODS_ROOT}/Manifest.lock\" > /dev/null\nif [ $? != 0 ] ; then\n    # print error to STDERR\n    echo \"error: The sandbox is not in sync with the Podfile.lock. Run 'pod install' or update your CocoaPods installation.\" >&2\n    exit 1\nfi\n# This output is used by Xcode 'outputs' to avoid re-running this script phase.\necho \"SUCCESS\" > \"${SCRIPT_OUTPUT_FILE_0}\"\n";
			showEnvVarsInLog = 0;
		};
/* End PBXShellScriptBuildPhase section */

/* Begin PBXSourcesBuildPhase section */
		ACC5974126C9463F00E2630B /* Sources */ = {
			isa = PBXSourcesBuildPhase;
			buildActionMask = 2147483647;
			files = (
				AC646E4126D0E3A400CFD01A /* CellController.swift in Sources */,
				ACC6AA4926CAD7450048D22C /* EmailLoginViewController.swift in Sources */,
				ACCDFC0026D473420066DA44 /* UserrsInfoResponse.swift in Sources */,
				AC11BCAB26D5B54400637C32 /* PurchaseVCTableViewCell.swift in Sources */,
				ACCE61A626D33B9A007DF748 /* CollectionViewCell.swift in Sources */,
				AC6AD52326D0144C005538FC /* GoodsTableCellController.swift in Sources */,
				ACCE61B026D3BD93007DF748 /* GoodsPageImgTableViewCell.swift in Sources */,
				ACC6AA5926CB46AA0048D22C /* EmailLoginRequest.swift in Sources */,
				AC6AD52E26D03DE2005538FC /* CategoryCell.swift in Sources */,
				ACC5974926C9463F00E2630B /* AppDelegate.swift in Sources */,
				ACCE619D26D33B19007DF748 /* SearchVC.swift in Sources */,
				ACC6AA5326CB46660048D22C /* EmailSignUpDataManager.swift in Sources */,
				ACC5980226C94C5800E2630B /* BoxOfficeDataManager.swift in Sources */,
				ACC6AA4F26CB45E80048D22C /* EmailSignUpResponse.swift in Sources */,
				ACCDFBFC26D472E80066DA44 /* LoginedMypageDataManager.swift in Sources */,
				AC6AD52026D013F4005538FC /* FirstVCTableGoodsCell.swift in Sources */,
				AC6AD4C626CE90BC005538FC /* SecondVC.swift in Sources */,
				ACC597CD26C94C2900E2630B /* Date.swift in Sources */,
				ACCDFC2526D56C0A0066DA44 /* InsideTableViewCell.swift in Sources */,
				AC6AD52A26D03B8F005538FC /* SomeDataModel.swift in Sources */,
				ACCE619A26D33532007DF748 /* NowGoodsTableViewCell.swift in Sources */,
				ACC5980526C94C5800E2630B /* TransitionViewController.swift in Sources */,
				ACCE618426D27FC9007DF748 /* TodayGoodsTableViewCell.swift in Sources */,
				ACC597D026C94C2900E2630B /* UIViewController.swift in Sources */,
				AC646E4526D0E5B900CFD01A /* GenericCellController.swift in Sources */,
				ACC5974B26C9463F00E2630B /* SceneDelegate.swift in Sources */,
				ACC6AA4726CAD72A0048D22C /* EmailSignUpViewController.swift in Sources */,
				ACCDFC0926D484180066DA44 /* PurchaseOptionVC.swift in Sources */,
				AC6AD51C26D01280005538FC /* CategoryTableCellController.swift in Sources */,
				ACCDFBFE26D4732D0066DA44 /* UsersInfoRequest.swift in Sources */,
				AC646E4326D0E3DE00CFD01A /* ReusableCellHolder.swift in Sources */,
				ACCE616526D124B5007DF748 /* GoodsPageCollectionViewCell.swift in Sources */,
				ACC597CF26C94C2900E2630B /* UIButton.swift in Sources */,
				ACC597D826C94C2900E2630B /* BaseViewController.swift in Sources */,
				ACC5980126C94C5800E2630B /* BoxOfficeResponse.swift in Sources */,
				ACCE619026D29BE2007DF748 /* NewGoodsCollectionViewCell.swift in Sources */,
				ACC597D326C94C2900E2630B /* Color.swift in Sources */,
				ACC597FD26C94C5800E2630B /* SignInRequest.swift in Sources */,
				ACCDFC1426D4E05B0066DA44 /* ShoppingList.swift in Sources */,
				ACC597CB26C94C2900E2630B /* IndicatorView.swift in Sources */,
				ACC597FE26C94C5800E2630B /* SignInViewController.swift in Sources */,
				ACC6AA5726CB46990048D22C /* EmailLoginResponse.swift in Sources */,
				AC6AD51826D00AEE005538FC /* MyCellControllerFactory.swift in Sources */,
				ACC6AA5126CB46020048D22C /* EmailSignUpRequest.swift in Sources */,
				AC6AD53226D048BB005538FC /* DataModels.swift in Sources */,
				AC6AD52826D03B4C005538FC /* HorizontalScrollView.swift in Sources */,
				ACC597D226C94C2900E2630B /* UIFont.swift in Sources */,
				ACC597FF26C94C5800E2630B /* MovieViewController.swift in Sources */,
				ACC6AA3F26CA80BC0048D22C /* LoginedMypageViewController.swift in Sources */,
				AC646E4A26D0F58900CFD01A /* GoodsCell.swift in Sources */,
				ACCE61A226D33B8B007DF748 /* TableViewCell.swift in Sources */,
				ACCE61BC26D42E08007DF748 /* GoodsPageTextTableViewCell.swift in Sources */,
				ACC597FC26C94C5800E2630B /* SignInResponse.swift in Sources */,
				ACC5980626C94C5800E2630B /* MainPageViewController.swift in Sources */,
				ACCE61B826D42A04007DF748 /* GoodsPageDeliveryTableViewCell.swift in Sources */,
				AC6AD51A26D01217005538FC /* BannerTableCellController.swift in Sources */,
				ACC6AA3A26CA77AD0048D22C /* MypageViewController.swift in Sources */,
				AC6AD51126CFF6F4005538FC /* CategoryScrollVeiw.swift in Sources */,
				AC6AD4C826CE90DE005538FC /* ThirdVC.swift in Sources */,
				ACC597F926C94C5800E2630B /* LoginViewController.swift in Sources */,
				ACCE617F26D27EBE007DF748 /* TodayGoodsCell.swift in Sources */,
				ACC6AA4326CA948F0048D22C /* LoginedMypageDetailViewController.swift in Sources */,
				AC6AD52626D03B2F005538FC /* BaseScrollView.swift in Sources */,
				ACC597CE26C94C2900E2630B /* String.swift in Sources */,
				ACCE617726D153D9007DF748 /* GoodsPageViewController.swift in Sources */,
				ACC6AA5526CB46830048D22C /* EmailLoginDataManager.swift in Sources */,
				ACCDFC0D26D4995A0066DA44 /* PurchaseOptionTableViewCell.swift in Sources */,
				AC6AD4C426CE907C005538FC /* FirstVC.swift in Sources */,
				ACC597CA26C94C2900E2630B /* Constant.swift in Sources */,
				AC6AD4BE26CE7732005538FC /* MenuCell.swift in Sources */,
				ACCDFC0726D481DE0066DA44 /* PurchaseVC.swift in Sources */,
				ACC597CC26C94C2900E2630B /* Device.swift in Sources */,
				ACC5980026C94C5800E2630B /* BoxOfficeViewController.swift in Sources */,
				ACC5980726C94C5800E2630B /* AlertViewController.swift in Sources */,
				ACC597D126C94C2900E2630B /* UINavigationBar.swift in Sources */,
				ACC6AA3526CA39F60048D22C /* UIView.swift in Sources */,
				ACC597D426C94C2900E2630B /* KobisKey.swift in Sources */,
				ACC5980426C94C5800E2630B /* TransitionNextViewController.swift in Sources */,
				ACC597FB26C94C5800E2630B /* SignInDataManager.swift in Sources */,
				AC6AD50C26CFEC98005538FC /* FirstVCTableBannerCell.swift in Sources */,
				ACCE619626D3351A007DF748 /* NowGoodsCollectionViewCell.swift in Sources */,
				ACCE61B426D4042B007DF748 /* GoodsPageMainInfoTableViewCell.swift in Sources */,
				AC6AD51526CFF952005538FC /* FirstVCTableCategoryCell.swift in Sources */,
				ACCE618C26D29A70007DF748 /* NewGoodsTableViewCell.swift in Sources */,
				AC6AD4DE26CF9911005538FC /* BannerCell.swift in Sources */,
				ACCDFC1726D4E1880066DA44 /* ShoppingListViewModel.swift in Sources */,
			);
			runOnlyForDeploymentPostprocessing = 0;
		};
/* End PBXSourcesBuildPhase section */

/* Begin PBXVariantGroup section */
		ACC5975326C9464600E2630B /* LaunchScreen.storyboard */ = {
			isa = PBXVariantGroup;
			children = (
				ACC5975426C9464600E2630B /* Base */,
			);
			name = LaunchScreen.storyboard;
			sourceTree = "<group>";
		};
/* End PBXVariantGroup section */

/* Begin XCBuildConfiguration section */
		ACC5975726C9464600E2630B /* Debug */ = {
			isa = XCBuildConfiguration;
			buildSettings = {
				ALWAYS_SEARCH_USER_PATHS = NO;
				CLANG_ANALYZER_NONNULL = YES;
				CLANG_ANALYZER_NUMBER_OBJECT_CONVERSION = YES_AGGRESSIVE;
				CLANG_CXX_LANGUAGE_STANDARD = "gnu++14";
				CLANG_CXX_LIBRARY = "libc++";
				CLANG_ENABLE_MODULES = YES;
				CLANG_ENABLE_OBJC_ARC = YES;
				CLANG_ENABLE_OBJC_WEAK = YES;
				CLANG_WARN_BLOCK_CAPTURE_AUTORELEASING = YES;
				CLANG_WARN_BOOL_CONVERSION = YES;
				CLANG_WARN_COMMA = YES;
				CLANG_WARN_CONSTANT_CONVERSION = YES;
				CLANG_WARN_DEPRECATED_OBJC_IMPLEMENTATIONS = YES;
				CLANG_WARN_DIRECT_OBJC_ISA_USAGE = YES_ERROR;
				CLANG_WARN_DOCUMENTATION_COMMENTS = YES;
				CLANG_WARN_EMPTY_BODY = YES;
				CLANG_WARN_ENUM_CONVERSION = YES;
				CLANG_WARN_INFINITE_RECURSION = YES;
				CLANG_WARN_INT_CONVERSION = YES;
				CLANG_WARN_NON_LITERAL_NULL_CONVERSION = YES;
				CLANG_WARN_OBJC_IMPLICIT_RETAIN_SELF = YES;
				CLANG_WARN_OBJC_LITERAL_CONVERSION = YES;
				CLANG_WARN_OBJC_ROOT_CLASS = YES_ERROR;
				CLANG_WARN_QUOTED_INCLUDE_IN_FRAMEWORK_HEADER = YES;
				CLANG_WARN_RANGE_LOOP_ANALYSIS = YES;
				CLANG_WARN_STRICT_PROTOTYPES = YES;
				CLANG_WARN_SUSPICIOUS_MOVE = YES;
				CLANG_WARN_UNGUARDED_AVAILABILITY = YES_AGGRESSIVE;
				CLANG_WARN_UNREACHABLE_CODE = YES;
				CLANG_WARN__DUPLICATE_METHOD_MATCH = YES;
				COPY_PHASE_STRIP = NO;
				DEBUG_INFORMATION_FORMAT = dwarf;
				ENABLE_STRICT_OBJC_MSGSEND = YES;
				ENABLE_TESTABILITY = YES;
				GCC_C_LANGUAGE_STANDARD = gnu11;
				GCC_DYNAMIC_NO_PIC = NO;
				GCC_NO_COMMON_BLOCKS = YES;
				GCC_OPTIMIZATION_LEVEL = 0;
				GCC_PREPROCESSOR_DEFINITIONS = (
					"DEBUG=1",
					"$(inherited)",
				);
				GCC_WARN_64_TO_32_BIT_CONVERSION = YES;
				GCC_WARN_ABOUT_RETURN_TYPE = YES_ERROR;
				GCC_WARN_UNDECLARED_SELECTOR = YES;
				GCC_WARN_UNINITIALIZED_AUTOS = YES_AGGRESSIVE;
				GCC_WARN_UNUSED_FUNCTION = YES;
				GCC_WARN_UNUSED_VARIABLE = YES;
				IPHONEOS_DEPLOYMENT_TARGET = 14.0;
				MTL_ENABLE_DEBUG_INFO = INCLUDE_SOURCE;
				MTL_FAST_MATH = YES;
				ONLY_ACTIVE_ARCH = YES;
				SDKROOT = iphoneos;
				SWIFT_ACTIVE_COMPILATION_CONDITIONS = DEBUG;
				SWIFT_OPTIMIZATION_LEVEL = "-Onone";
			};
			name = Debug;
		};
		ACC5975826C9464600E2630B /* Release */ = {
			isa = XCBuildConfiguration;
			buildSettings = {
				ALWAYS_SEARCH_USER_PATHS = NO;
				CLANG_ANALYZER_NONNULL = YES;
				CLANG_ANALYZER_NUMBER_OBJECT_CONVERSION = YES_AGGRESSIVE;
				CLANG_CXX_LANGUAGE_STANDARD = "gnu++14";
				CLANG_CXX_LIBRARY = "libc++";
				CLANG_ENABLE_MODULES = YES;
				CLANG_ENABLE_OBJC_ARC = YES;
				CLANG_ENABLE_OBJC_WEAK = YES;
				CLANG_WARN_BLOCK_CAPTURE_AUTORELEASING = YES;
				CLANG_WARN_BOOL_CONVERSION = YES;
				CLANG_WARN_COMMA = YES;
				CLANG_WARN_CONSTANT_CONVERSION = YES;
				CLANG_WARN_DEPRECATED_OBJC_IMPLEMENTATIONS = YES;
				CLANG_WARN_DIRECT_OBJC_ISA_USAGE = YES_ERROR;
				CLANG_WARN_DOCUMENTATION_COMMENTS = YES;
				CLANG_WARN_EMPTY_BODY = YES;
				CLANG_WARN_ENUM_CONVERSION = YES;
				CLANG_WARN_INFINITE_RECURSION = YES;
				CLANG_WARN_INT_CONVERSION = YES;
				CLANG_WARN_NON_LITERAL_NULL_CONVERSION = YES;
				CLANG_WARN_OBJC_IMPLICIT_RETAIN_SELF = YES;
				CLANG_WARN_OBJC_LITERAL_CONVERSION = YES;
				CLANG_WARN_OBJC_ROOT_CLASS = YES_ERROR;
				CLANG_WARN_QUOTED_INCLUDE_IN_FRAMEWORK_HEADER = YES;
				CLANG_WARN_RANGE_LOOP_ANALYSIS = YES;
				CLANG_WARN_STRICT_PROTOTYPES = YES;
				CLANG_WARN_SUSPICIOUS_MOVE = YES;
				CLANG_WARN_UNGUARDED_AVAILABILITY = YES_AGGRESSIVE;
				CLANG_WARN_UNREACHABLE_CODE = YES;
				CLANG_WARN__DUPLICATE_METHOD_MATCH = YES;
				COPY_PHASE_STRIP = NO;
				DEBUG_INFORMATION_FORMAT = "dwarf-with-dsym";
				ENABLE_NS_ASSERTIONS = NO;
				ENABLE_STRICT_OBJC_MSGSEND = YES;
				GCC_C_LANGUAGE_STANDARD = gnu11;
				GCC_NO_COMMON_BLOCKS = YES;
				GCC_WARN_64_TO_32_BIT_CONVERSION = YES;
				GCC_WARN_ABOUT_RETURN_TYPE = YES_ERROR;
				GCC_WARN_UNDECLARED_SELECTOR = YES;
				GCC_WARN_UNINITIALIZED_AUTOS = YES_AGGRESSIVE;
				GCC_WARN_UNUSED_FUNCTION = YES;
				GCC_WARN_UNUSED_VARIABLE = YES;
				IPHONEOS_DEPLOYMENT_TARGET = 14.0;
				MTL_ENABLE_DEBUG_INFO = NO;
				MTL_FAST_MATH = YES;
				SDKROOT = iphoneos;
				SWIFT_COMPILATION_MODE = wholemodule;
				SWIFT_OPTIMIZATION_LEVEL = "-O";
				VALIDATE_PRODUCT = YES;
			};
			name = Release;
		};
		ACC5975A26C9464600E2630B /* Debug */ = {
			isa = XCBuildConfiguration;
			baseConfigurationReference = 6D5B05F8A193EEE8E520B79A /* Pods-Idus_b.debug.xcconfig */;
			buildSettings = {
				ASSETCATALOG_COMPILER_APPICON_NAME = AppIcon;
				ASSETCATALOG_COMPILER_GLOBAL_ACCENT_COLOR_NAME = AccentColor;
				CODE_SIGN_STYLE = Automatic;
				DEVELOPMENT_TEAM = 62X53C69X3;
				INFOPLIST_FILE = Idus_b/Info.plist;
				IPHONEOS_DEPLOYMENT_TARGET = 14.1;
				LD_RUNPATH_SEARCH_PATHS = (
					"$(inherited)",
					"@executable_path/Frameworks",
				);
				PRODUCT_BUNDLE_IDENTIFIER = "rp3.Idus-b";
				PRODUCT_NAME = "$(TARGET_NAME)";
				SWIFT_VERSION = 5.0;
				TARGETED_DEVICE_FAMILY = 1;
			};
			name = Debug;
		};
		ACC5975B26C9464600E2630B /* Release */ = {
			isa = XCBuildConfiguration;
			baseConfigurationReference = D3FB9131987660A50F2E9E8B /* Pods-Idus_b.release.xcconfig */;
			buildSettings = {
				ASSETCATALOG_COMPILER_APPICON_NAME = AppIcon;
				ASSETCATALOG_COMPILER_GLOBAL_ACCENT_COLOR_NAME = AccentColor;
				CODE_SIGN_STYLE = Automatic;
				DEVELOPMENT_TEAM = 62X53C69X3;
				INFOPLIST_FILE = Idus_b/Info.plist;
				IPHONEOS_DEPLOYMENT_TARGET = 14.1;
				LD_RUNPATH_SEARCH_PATHS = (
					"$(inherited)",
					"@executable_path/Frameworks",
				);
				PRODUCT_BUNDLE_IDENTIFIER = "rp3.Idus-b";
				PRODUCT_NAME = "$(TARGET_NAME)";
				SWIFT_VERSION = 5.0;
				TARGETED_DEVICE_FAMILY = 1;
			};
			name = Release;
		};
/* End XCBuildConfiguration section */

/* Begin XCConfigurationList section */
		ACC5974026C9463F00E2630B /* Build configuration list for PBXProject "Idus_b" */ = {
			isa = XCConfigurationList;
			buildConfigurations = (
				ACC5975726C9464600E2630B /* Debug */,
				ACC5975826C9464600E2630B /* Release */,
			);
			defaultConfigurationIsVisible = 0;
			defaultConfigurationName = Release;
		};
		ACC5975926C9464600E2630B /* Build configuration list for PBXNativeTarget "Idus_b" */ = {
			isa = XCConfigurationList;
			buildConfigurations = (
				ACC5975A26C9464600E2630B /* Debug */,
				ACC5975B26C9464600E2630B /* Release */,
			);
			defaultConfigurationIsVisible = 0;
			defaultConfigurationName = Release;
		};
/* End XCConfigurationList section */
	};
	rootObject = ACC5973D26C9463F00E2630B /* Project object */;
}
